{
  "version": 4,
  "terraform_version": "1.9.1",
  "serial": 74,
  "lineage": "b68c192e-68b7-5136-58d5-6cbad6e1e909",
  "outputs": {
    "public_dns_name": {
      "value": "lb-JJc-project-alpha-dev-839713022.us-west-2.elb.amazonaws.com",
      "type": "string"
    }
  },
  "resources": [
    {
      "mode": "data",
      "type": "aws_availability_zones",
      "name": "available",
      "provider": "provider[\"registry.terraform.io/hashicorp/aws\"]",
      "instances": [
        {
          "schema_version": 0,
          "attributes": {
            "all_availability_zones": null,
            "exclude_names": null,
            "exclude_zone_ids": null,
            "filter": null,
            "group_names": [
              "us-west-2"
            ],
            "id": "us-west-2",
            "names": [
              "us-west-2a",
              "us-west-2b",
              "us-west-2c",
              "us-west-2d"
            ],
            "state": "available",
            "timeouts": null,
            "zone_ids": [
              "usw2-az2",
              "usw2-az1",
              "usw2-az3",
              "usw2-az4"
            ]
          },
          "sensitive_attributes": []
        }
      ]
    },
    {
      "mode": "managed",
      "type": "random_string",
      "name": "lb_id",
      "provider": "provider[\"registry.terraform.io/hashicorp/random\"]",
      "instances": [
        {
          "schema_version": 2,
          "attributes": {
            "id": "JJc",
            "keepers": null,
            "length": 3,
            "lower": true,
            "min_lower": 0,
            "min_numeric": 0,
            "min_special": 0,
            "min_upper": 0,
            "number": true,
            "numeric": true,
            "override_special": null,
            "result": "JJc",
            "special": false,
            "upper": true
          },
          "sensitive_attributes": []
        }
      ]
    },
    {
      "module": "module.app_security_group.module.sg",
      "mode": "managed",
      "type": "aws_security_group",
      "name": "this_name_prefix",
      "provider": "provider[\"registry.terraform.io/hashicorp/aws\"]",
      "instances": [
        {
          "index_key": 0,
          "schema_version": 1,
          "attributes": {
            "arn": "arn:aws:ec2:us-west-2:637423574315:security-group/sg-0e653b30f6622354e",
            "description": "Security group for web-servers with HTTP ports open within VPC",
            "egress": [
              {
                "cidr_blocks": [
                  "0.0.0.0/0"
                ],
                "description": "All protocols",
                "from_port": 0,
                "ipv6_cidr_blocks": [
                  "::/0"
                ],
                "prefix_list_ids": [],
                "protocol": "-1",
                "security_groups": [],
                "self": false,
                "to_port": 0
              }
            ],
            "id": "sg-0e653b30f6622354e",
            "ingress": [
              {
                "cidr_blocks": [
                  "10.0.1.0/24",
                  "10.0.2.0/24"
                ],
                "description": "HTTP",
                "from_port": 8080,
                "ipv6_cidr_blocks": [],
                "prefix_list_ids": [],
                "protocol": "tcp",
                "security_groups": [],
                "self": false,
                "to_port": 8080
              },
              {
                "cidr_blocks": [
                  "10.0.1.0/24",
                  "10.0.2.0/24"
                ],
                "description": "HTTP",
                "from_port": 80,
                "ipv6_cidr_blocks": [],
                "prefix_list_ids": [],
                "protocol": "tcp",
                "security_groups": [],
                "self": false,
                "to_port": 80
              },
              {
                "cidr_blocks": [
                  "10.0.1.0/24",
                  "10.0.2.0/24"
                ],
                "description": "HTTPS",
                "from_port": 443,
                "ipv6_cidr_blocks": [],
                "prefix_list_ids": [],
                "protocol": "tcp",
                "security_groups": [],
                "self": false,
                "to_port": 443
              },
              {
                "cidr_blocks": [
                  "10.0.1.0/24",
                  "10.0.2.0/24"
                ],
                "description": "JMX",
                "from_port": 1099,
                "ipv6_cidr_blocks": [],
                "prefix_list_ids": [],
                "protocol": "tcp",
                "security_groups": [],
                "self": false,
                "to_port": 1099
              },
              {
                "cidr_blocks": [],
                "description": "Ingress Rule",
                "from_port": 0,
                "ipv6_cidr_blocks": [],
                "prefix_list_ids": [],
                "protocol": "-1",
                "security_groups": [],
                "self": true,
                "to_port": 0
              }
            ],
            "name": "web-sg-project-alpha-dev-20240716144348509400000003",
            "name_prefix": "web-sg-project-alpha-dev-",
            "owner_id": "637423574315",
            "revoke_rules_on_delete": false,
            "tags": {
              "Name": "web-sg-project-alpha-dev",
              "environment": "dev",
              "project": "project-alpha"
            },
            "tags_all": {
              "Name": "web-sg-project-alpha-dev",
              "environment": "dev",
              "project": "project-alpha"
            },
            "timeouts": {
              "create": "10m",
              "delete": "15m"
            },
            "vpc_id": "vpc-0ba38c6cfab35db24"
          },
          "sensitive_attributes": [],
          "private": "eyJlMmJmYjczMC1lY2FhLTExZTYtOGY4OC0zNDM2M2JjN2M0YzAiOnsiY3JlYXRlIjo2MDAwMDAwMDAwMDAsImRlbGV0ZSI6OTAwMDAwMDAwMDAwfSwic2NoZW1hX3ZlcnNpb24iOiIxIn0=",
          "dependencies": [
            "module.vpc.aws_vpc.this"
          ],
          "create_before_destroy": true
        }
      ]
    },
    {
      "module": "module.app_security_group.module.sg",
      "mode": "managed",
      "type": "aws_security_group_rule",
      "name": "egress_rules",
      "provider": "provider[\"registry.terraform.io/hashicorp/aws\"]",
      "instances": [
        {
          "index_key": 0,
          "schema_version": 2,
          "attributes": {
            "cidr_blocks": [
              "0.0.0.0/0"
            ],
            "description": "All protocols",
            "from_port": 0,
            "id": "sgrule-939131826",
            "ipv6_cidr_blocks": [
              "::/0"
            ],
            "prefix_list_ids": [],
            "protocol": "-1",
            "security_group_id": "sg-0e653b30f6622354e",
            "security_group_rule_id": "",
            "self": false,
            "source_security_group_id": null,
            "timeouts": null,
            "to_port": 0,
            "type": "egress"
          },
          "sensitive_attributes": [],
          "private": "eyJlMmJmYjczMC1lY2FhLTExZTYtOGY4OC0zNDM2M2JjN2M0YzAiOnsiY3JlYXRlIjozMDAwMDAwMDAwMDB9LCJzY2hlbWFfdmVyc2lvbiI6IjIifQ==",
          "dependencies": [
            "module.app_security_group.module.sg.aws_security_group.this",
            "module.app_security_group.module.sg.aws_security_group.this_name_prefix",
            "module.vpc.aws_vpc.this"
          ]
        }
      ]
    },
    {
      "module": "module.app_security_group.module.sg",
      "mode": "managed",
      "type": "aws_security_group_rule",
      "name": "ingress_rules",
      "provider": "provider[\"registry.terraform.io/hashicorp/aws\"]",
      "instances": [
        {
          "index_key": 0,
          "schema_version": 2,
          "attributes": {
            "cidr_blocks": [
              "10.0.1.0/24",
              "10.0.2.0/24"
            ],
            "description": "HTTP",
            "from_port": 80,
            "id": "sgrule-1030223233",
            "ipv6_cidr_blocks": [],
            "prefix_list_ids": [],
            "protocol": "tcp",
            "security_group_id": "sg-0e653b30f6622354e",
            "security_group_rule_id": "",
            "self": false,
            "source_security_group_id": null,
            "timeouts": null,
            "to_port": 80,
            "type": "ingress"
          },
          "sensitive_attributes": [],
          "private": "eyJlMmJmYjczMC1lY2FhLTExZTYtOGY4OC0zNDM2M2JjN2M0YzAiOnsiY3JlYXRlIjozMDAwMDAwMDAwMDB9LCJzY2hlbWFfdmVyc2lvbiI6IjIifQ==",
          "dependencies": [
            "data.aws_availability_zones.available",
            "module.app_security_group.module.sg.aws_security_group.this",
            "module.app_security_group.module.sg.aws_security_group.this_name_prefix",
            "module.vpc.aws_subnet.public",
            "module.vpc.aws_vpc.this",
            "module.vpc.aws_vpc_ipv4_cidr_block_association.this"
          ]
        },
        {
          "index_key": 1,
          "schema_version": 2,
          "attributes": {
            "cidr_blocks": [
              "10.0.1.0/24",
              "10.0.2.0/24"
            ],
            "description": "HTTP",
            "from_port": 8080,
            "id": "sgrule-1675096615",
            "ipv6_cidr_blocks": [],
            "prefix_list_ids": [],
            "protocol": "tcp",
            "security_group_id": "sg-0e653b30f6622354e",
            "security_group_rule_id": "",
            "self": false,
            "source_security_group_id": null,
            "timeouts": null,
            "to_port": 8080,
            "type": "ingress"
          },
          "sensitive_attributes": [],
          "private": "eyJlMmJmYjczMC1lY2FhLTExZTYtOGY4OC0zNDM2M2JjN2M0YzAiOnsiY3JlYXRlIjozMDAwMDAwMDAwMDB9LCJzY2hlbWFfdmVyc2lvbiI6IjIifQ==",
          "dependencies": [
            "data.aws_availability_zones.available",
            "module.app_security_group.module.sg.aws_security_group.this",
            "module.app_security_group.module.sg.aws_security_group.this_name_prefix",
            "module.vpc.aws_subnet.public",
            "module.vpc.aws_vpc.this",
            "module.vpc.aws_vpc_ipv4_cidr_block_association.this"
          ]
        },
        {
          "index_key": 2,
          "schema_version": 2,
          "attributes": {
            "cidr_blocks": [
              "10.0.1.0/24",
              "10.0.2.0/24"
            ],
            "description": "HTTPS",
            "from_port": 443,
            "id": "sgrule-1369684755",
            "ipv6_cidr_blocks": [],
            "prefix_list_ids": [],
            "protocol": "tcp",
            "security_group_id": "sg-0e653b30f6622354e",
            "security_group_rule_id": "",
            "self": false,
            "source_security_group_id": null,
            "timeouts": null,
            "to_port": 443,
            "type": "ingress"
          },
          "sensitive_attributes": [],
          "private": "eyJlMmJmYjczMC1lY2FhLTExZTYtOGY4OC0zNDM2M2JjN2M0YzAiOnsiY3JlYXRlIjozMDAwMDAwMDAwMDB9LCJzY2hlbWFfdmVyc2lvbiI6IjIifQ==",
          "dependencies": [
            "data.aws_availability_zones.available",
            "module.app_security_group.module.sg.aws_security_group.this",
            "module.app_security_group.module.sg.aws_security_group.this_name_prefix",
            "module.vpc.aws_subnet.public",
            "module.vpc.aws_vpc.this",
            "module.vpc.aws_vpc_ipv4_cidr_block_association.this"
          ]
        },
        {
          "index_key": 3,
          "schema_version": 2,
          "attributes": {
            "cidr_blocks": [
              "10.0.1.0/24",
              "10.0.2.0/24"
            ],
            "description": "JMX",
            "from_port": 1099,
            "id": "sgrule-3716729436",
            "ipv6_cidr_blocks": [],
            "prefix_list_ids": [],
            "protocol": "tcp",
            "security_group_id": "sg-0e653b30f6622354e",
            "security_group_rule_id": "",
            "self": false,
            "source_security_group_id": null,
            "timeouts": null,
            "to_port": 1099,
            "type": "ingress"
          },
          "sensitive_attributes": [],
          "private": "eyJlMmJmYjczMC1lY2FhLTExZTYtOGY4OC0zNDM2M2JjN2M0YzAiOnsiY3JlYXRlIjozMDAwMDAwMDAwMDB9LCJzY2hlbWFfdmVyc2lvbiI6IjIifQ==",
          "dependencies": [
            "data.aws_availability_zones.available",
            "module.app_security_group.module.sg.aws_security_group.this",
            "module.app_security_group.module.sg.aws_security_group.this_name_prefix",
            "module.vpc.aws_subnet.public",
            "module.vpc.aws_vpc.this",
            "module.vpc.aws_vpc_ipv4_cidr_block_association.this"
          ]
        }
      ]
    },
    {
      "module": "module.app_security_group.module.sg",
      "mode": "managed",
      "type": "aws_security_group_rule",
      "name": "ingress_with_self",
      "provider": "provider[\"registry.terraform.io/hashicorp/aws\"]",
      "instances": [
        {
          "index_key": 0,
          "schema_version": 2,
          "attributes": {
            "cidr_blocks": null,
            "description": "Ingress Rule",
            "from_port": 0,
            "id": "sgrule-2137623722",
            "ipv6_cidr_blocks": null,
            "prefix_list_ids": [],
            "protocol": "-1",
            "security_group_id": "sg-0e653b30f6622354e",
            "security_group_rule_id": "sgr-0706431aee2216da6",
            "self": true,
            "source_security_group_id": null,
            "timeouts": null,
            "to_port": 0,
            "type": "ingress"
          },
          "sensitive_attributes": [],
          "private": "eyJlMmJmYjczMC1lY2FhLTExZTYtOGY4OC0zNDM2M2JjN2M0YzAiOnsiY3JlYXRlIjozMDAwMDAwMDAwMDB9LCJzY2hlbWFfdmVyc2lvbiI6IjIifQ==",
          "dependencies": [
            "module.app_security_group.module.sg.aws_security_group.this",
            "module.app_security_group.module.sg.aws_security_group.this_name_prefix",
            "module.vpc.aws_vpc.this"
          ]
        }
      ]
    },
    {
      "module": "module.ec2_instances",
      "mode": "data",
      "type": "aws_ami",
      "name": "amazon_linux",
      "provider": "provider[\"registry.terraform.io/hashicorp/aws\"]",
      "instances": [
        {
          "schema_version": 0,
          "attributes": {
            "architecture": "x86_64",
            "arn": "arn:aws:ec2:us-west-2::image/ami-03789dbbf779d9790",
            "block_device_mappings": [
              {
                "device_name": "/dev/xvda",
                "ebs": {
                  "delete_on_termination": "true",
                  "encrypted": "false",
                  "iops": "0",
                  "snapshot_id": "snap-076112e6be157fe63",
                  "throughput": "0",
                  "volume_size": "8",
                  "volume_type": "gp2"
                },
                "no_device": "",
                "virtual_name": ""
              }
            ],
            "boot_mode": "",
            "creation_date": "2024-07-10T02:09:13.000Z",
            "deprecation_time": "2025-07-01T00:00:00.000Z",
            "description": "Amazon Linux 2 AMI 2.0.20240709.1 x86_64 HVM gp2",
            "ena_support": true,
            "executable_users": null,
            "filter": [
              {
                "name": "name",
                "values": [
                  "amzn2-ami-hvm-*-x86_64-gp2"
                ]
              }
            ],
            "hypervisor": "xen",
            "id": "ami-03789dbbf779d9790",
            "image_id": "ami-03789dbbf779d9790",
            "image_location": "amazon/amzn2-ami-hvm-2.0.20240709.1-x86_64-gp2",
            "image_owner_alias": "amazon",
            "image_type": "machine",
            "imds_support": "",
            "include_deprecated": false,
            "kernel_id": "",
            "most_recent": true,
            "name": "amzn2-ami-hvm-2.0.20240709.1-x86_64-gp2",
            "name_regex": null,
            "owner_id": "137112412989",
            "owners": [
              "amazon"
            ],
            "platform": "",
            "platform_details": "Linux/UNIX",
            "product_codes": [],
            "public": true,
            "ramdisk_id": "",
            "root_device_name": "/dev/xvda",
            "root_device_type": "ebs",
            "root_snapshot_id": "snap-076112e6be157fe63",
            "sriov_net_support": "simple",
            "state": "available",
            "state_reason": {
              "code": "UNSET",
              "message": "UNSET"
            },
            "tags": {},
            "timeouts": null,
            "tpm_support": "",
            "usage_operation": "RunInstances",
            "virtualization_type": "hvm"
          },
          "sensitive_attributes": []
        }
      ]
    },
    {
      "module": "module.ec2_instances",
      "mode": "managed",
      "type": "aws_instance",
      "name": "app",
      "provider": "provider[\"registry.terraform.io/hashicorp/aws\"]",
      "instances": [
        {
          "index_key": 0,
          "schema_version": 1,
          "attributes": {
            "ami": "ami-03789dbbf779d9790",
            "arn": "arn:aws:ec2:us-west-2:637423574315:instance/i-022e230d61dc69c7a",
            "associate_public_ip_address": false,
            "availability_zone": "us-west-2a",
            "capacity_reservation_specification": [
              {
                "capacity_reservation_preference": "open",
                "capacity_reservation_target": []
              }
            ],
            "cpu_core_count": 1,
            "cpu_options": [
              {
                "amd_sev_snp": "",
                "core_count": 1,
                "threads_per_core": 2
              }
            ],
            "cpu_threads_per_core": 2,
            "credit_specification": [
              {
                "cpu_credits": "unlimited"
              }
            ],
            "disable_api_stop": false,
            "disable_api_termination": false,
            "ebs_block_device": [],
            "ebs_optimized": false,
            "enclave_options": [
              {
                "enabled": false
              }
            ],
            "ephemeral_block_device": [],
            "get_password_data": false,
            "hibernation": false,
            "host_id": "",
            "host_resource_group_arn": null,
            "iam_instance_profile": "",
            "id": "i-022e230d61dc69c7a",
            "instance_initiated_shutdown_behavior": "stop",
            "instance_lifecycle": "",
            "instance_market_options": [],
            "instance_state": "running",
            "instance_type": "t3.micro",
            "ipv6_address_count": 0,
            "ipv6_addresses": [],
            "key_name": "",
            "launch_template": [],
            "maintenance_options": [
              {
                "auto_recovery": "default"
              }
            ],
            "metadata_options": [
              {
                "http_endpoint": "enabled",
                "http_protocol_ipv6": "disabled",
                "http_put_response_hop_limit": 1,
                "http_tokens": "optional",
                "instance_metadata_tags": "disabled"
              }
            ],
            "monitoring": false,
            "network_interface": [],
            "outpost_arn": "",
            "password_data": "",
            "placement_group": "",
            "placement_partition_number": 0,
            "primary_network_interface_id": "eni-0c67a51f1ffb66975",
            "private_dns": "ip-10-0-101-152.us-west-2.compute.internal",
            "private_dns_name_options": [
              {
                "enable_resource_name_dns_a_record": false,
                "enable_resource_name_dns_aaaa_record": false,
                "hostname_type": "ip-name"
              }
            ],
            "private_ip": "10.0.101.152",
            "public_dns": "",
            "public_ip": "",
            "root_block_device": [
              {
                "delete_on_termination": true,
                "device_name": "/dev/xvda",
                "encrypted": false,
                "iops": 100,
                "kms_key_id": "",
                "tags": {},
                "tags_all": {},
                "throughput": 0,
                "volume_id": "vol-0b27b20effc74eed8",
                "volume_size": 8,
                "volume_type": "gp2"
              }
            ],
            "secondary_private_ips": [],
            "security_groups": [],
            "source_dest_check": true,
            "spot_instance_request_id": "",
            "subnet_id": "subnet-033c71e802ddedc36",
            "tags": {
              "environment": "dev",
              "project": "project-alpha"
            },
            "tags_all": {
              "environment": "dev",
              "project": "project-alpha"
            },
            "tenancy": "default",
            "timeouts": null,
            "user_data": "3b21b980468438c9034158841596d57f1283de5c",
            "user_data_base64": null,
            "user_data_replace_on_change": false,
            "volume_tags": null,
            "vpc_security_group_ids": [
              "sg-0e653b30f6622354e"
            ]
          },
          "sensitive_attributes": [],
          "private": "eyJlMmJmYjczMC1lY2FhLTExZTYtOGY4OC0zNDM2M2JjN2M0YzAiOnsiY3JlYXRlIjo2MDAwMDAwMDAwMDAsImRlbGV0ZSI6MTIwMDAwMDAwMDAwMCwicmVhZCI6OTAwMDAwMDAwMDAwLCJ1cGRhdGUiOjYwMDAwMDAwMDAwMH0sInNjaGVtYV92ZXJzaW9uIjoiMSJ9",
          "dependencies": [
            "data.aws_availability_zones.available",
            "module.app_security_group.module.sg.aws_security_group.this",
            "module.app_security_group.module.sg.aws_security_group.this_name_prefix",
            "module.ec2_instances.data.aws_ami.amazon_linux",
            "module.vpc.aws_cloudwatch_log_group.flow_log",
            "module.vpc.aws_customer_gateway.this",
            "module.vpc.aws_db_subnet_group.database",
            "module.vpc.aws_default_network_acl.this",
            "module.vpc.aws_default_route_table.default",
            "module.vpc.aws_default_security_group.this",
            "module.vpc.aws_default_vpc.this",
            "module.vpc.aws_egress_only_internet_gateway.this",
            "module.vpc.aws_eip.nat",
            "module.vpc.aws_elasticache_subnet_group.elasticache",
            "module.vpc.aws_flow_log.this",
            "module.vpc.aws_iam_policy.vpc_flow_log_cloudwatch",
            "module.vpc.aws_iam_role.vpc_flow_log_cloudwatch",
            "module.vpc.aws_iam_role_policy_attachment.vpc_flow_log_cloudwatch",
            "module.vpc.aws_internet_gateway.this",
            "module.vpc.aws_nat_gateway.this",
            "module.vpc.aws_network_acl.database",
            "module.vpc.aws_network_acl.elasticache",
            "module.vpc.aws_network_acl.intra",
            "module.vpc.aws_network_acl.outpost",
            "module.vpc.aws_network_acl.private",
            "module.vpc.aws_network_acl.public",
            "module.vpc.aws_network_acl.redshift",
            "module.vpc.aws_network_acl_rule.database_inbound",
            "module.vpc.aws_network_acl_rule.database_outbound",
            "module.vpc.aws_network_acl_rule.elasticache_inbound",
            "module.vpc.aws_network_acl_rule.elasticache_outbound",
            "module.vpc.aws_network_acl_rule.intra_inbound",
            "module.vpc.aws_network_acl_rule.intra_outbound",
            "module.vpc.aws_network_acl_rule.outpost_inbound",
            "module.vpc.aws_network_acl_rule.outpost_outbound",
            "module.vpc.aws_network_acl_rule.private_inbound",
            "module.vpc.aws_network_acl_rule.private_outbound",
            "module.vpc.aws_network_acl_rule.public_inbound",
            "module.vpc.aws_network_acl_rule.public_outbound",
            "module.vpc.aws_network_acl_rule.redshift_inbound",
            "module.vpc.aws_network_acl_rule.redshift_outbound",
            "module.vpc.aws_redshift_subnet_group.redshift",
            "module.vpc.aws_route.database_dns64_nat_gateway",
            "module.vpc.aws_route.database_internet_gateway",
            "module.vpc.aws_route.database_ipv6_egress",
            "module.vpc.aws_route.database_nat_gateway",
            "module.vpc.aws_route.private_dns64_nat_gateway",
            "module.vpc.aws_route.private_ipv6_egress",
            "module.vpc.aws_route.private_nat_gateway",
            "module.vpc.aws_route.public_internet_gateway",
            "module.vpc.aws_route.public_internet_gateway_ipv6",
            "module.vpc.aws_route_table.database",
            "module.vpc.aws_route_table.elasticache",
            "module.vpc.aws_route_table.intra",
            "module.vpc.aws_route_table.private",
            "module.vpc.aws_route_table.public",
            "module.vpc.aws_route_table.redshift",
            "module.vpc.aws_route_table_association.database",
            "module.vpc.aws_route_table_association.elasticache",
            "module.vpc.aws_route_table_association.intra",
            "module.vpc.aws_route_table_association.outpost",
            "module.vpc.aws_route_table_association.private",
            "module.vpc.aws_route_table_association.public",
            "module.vpc.aws_route_table_association.redshift",
            "module.vpc.aws_route_table_association.redshift_public",
            "module.vpc.aws_subnet.database",
            "module.vpc.aws_subnet.elasticache",
            "module.vpc.aws_subnet.intra",
            "module.vpc.aws_subnet.outpost",
            "module.vpc.aws_subnet.private",
            "module.vpc.aws_subnet.public",
            "module.vpc.aws_subnet.redshift",
            "module.vpc.aws_vpc.this",
            "module.vpc.aws_vpc_dhcp_options.this",
            "module.vpc.aws_vpc_dhcp_options_association.this",
            "module.vpc.aws_vpc_ipv4_cidr_block_association.this",
            "module.vpc.aws_vpn_gateway.this",
            "module.vpc.aws_vpn_gateway_attachment.this",
            "module.vpc.aws_vpn_gateway_route_propagation.intra",
            "module.vpc.aws_vpn_gateway_route_propagation.private",
            "module.vpc.aws_vpn_gateway_route_propagation.public",
            "module.vpc.data.aws_iam_policy_document.flow_log_cloudwatch_assume_role",
            "module.vpc.data.aws_iam_policy_document.vpc_flow_log_cloudwatch"
          ]
        },
        {
          "index_key": 1,
          "schema_version": 1,
          "attributes": {
            "ami": "ami-03789dbbf779d9790",
            "arn": "arn:aws:ec2:us-west-2:637423574315:instance/i-068d3e46b1e52bb84",
            "associate_public_ip_address": false,
            "availability_zone": "us-west-2b",
            "capacity_reservation_specification": [
              {
                "capacity_reservation_preference": "open",
                "capacity_reservation_target": []
              }
            ],
            "cpu_core_count": 1,
            "cpu_options": [
              {
                "amd_sev_snp": "",
                "core_count": 1,
                "threads_per_core": 2
              }
            ],
            "cpu_threads_per_core": 2,
            "credit_specification": [
              {
                "cpu_credits": "unlimited"
              }
            ],
            "disable_api_stop": false,
            "disable_api_termination": false,
            "ebs_block_device": [],
            "ebs_optimized": false,
            "enclave_options": [
              {
                "enabled": false
              }
            ],
            "ephemeral_block_device": [],
            "get_password_data": false,
            "hibernation": false,
            "host_id": "",
            "host_resource_group_arn": null,
            "iam_instance_profile": "",
            "id": "i-068d3e46b1e52bb84",
            "instance_initiated_shutdown_behavior": "stop",
            "instance_lifecycle": "",
            "instance_market_options": [],
            "instance_state": "running",
            "instance_type": "t3.micro",
            "ipv6_address_count": 0,
            "ipv6_addresses": [],
            "key_name": "",
            "launch_template": [],
            "maintenance_options": [
              {
                "auto_recovery": "default"
              }
            ],
            "metadata_options": [
              {
                "http_endpoint": "enabled",
                "http_protocol_ipv6": "disabled",
                "http_put_response_hop_limit": 1,
                "http_tokens": "optional",
                "instance_metadata_tags": "disabled"
              }
            ],
            "monitoring": false,
            "network_interface": [],
            "outpost_arn": "",
            "password_data": "",
            "placement_group": "",
            "placement_partition_number": 0,
            "primary_network_interface_id": "eni-0374791a77288ed2b",
            "private_dns": "ip-10-0-102-189.us-west-2.compute.internal",
            "private_dns_name_options": [
              {
                "enable_resource_name_dns_a_record": false,
                "enable_resource_name_dns_aaaa_record": false,
                "hostname_type": "ip-name"
              }
            ],
            "private_ip": "10.0.102.189",
            "public_dns": "",
            "public_ip": "",
            "root_block_device": [
              {
                "delete_on_termination": true,
                "device_name": "/dev/xvda",
                "encrypted": false,
                "iops": 100,
                "kms_key_id": "",
                "tags": {},
                "tags_all": {},
                "throughput": 0,
                "volume_id": "vol-0e5ac6990c004a2de",
                "volume_size": 8,
                "volume_type": "gp2"
              }
            ],
            "secondary_private_ips": [],
            "security_groups": [],
            "source_dest_check": true,
            "spot_instance_request_id": "",
            "subnet_id": "subnet-0d85cb8075855c253",
            "tags": {
              "environment": "dev",
              "project": "project-alpha"
            },
            "tags_all": {
              "environment": "dev",
              "project": "project-alpha"
            },
            "tenancy": "default",
            "timeouts": null,
            "user_data": "3b21b980468438c9034158841596d57f1283de5c",
            "user_data_base64": null,
            "user_data_replace_on_change": false,
            "volume_tags": null,
            "vpc_security_group_ids": [
              "sg-0e653b30f6622354e"
            ]
          },
          "sensitive_attributes": [],
          "private": "eyJlMmJmYjczMC1lY2FhLTExZTYtOGY4OC0zNDM2M2JjN2M0YzAiOnsiY3JlYXRlIjo2MDAwMDAwMDAwMDAsImRlbGV0ZSI6MTIwMDAwMDAwMDAwMCwicmVhZCI6OTAwMDAwMDAwMDAwLCJ1cGRhdGUiOjYwMDAwMDAwMDAwMH0sInNjaGVtYV92ZXJzaW9uIjoiMSJ9",
          "dependencies": [
            "data.aws_availability_zones.available",
            "module.app_security_group.module.sg.aws_security_group.this",
            "module.app_security_group.module.sg.aws_security_group.this_name_prefix",
            "module.ec2_instances.data.aws_ami.amazon_linux",
            "module.vpc.aws_cloudwatch_log_group.flow_log",
            "module.vpc.aws_customer_gateway.this",
            "module.vpc.aws_db_subnet_group.database",
            "module.vpc.aws_default_network_acl.this",
            "module.vpc.aws_default_route_table.default",
            "module.vpc.aws_default_security_group.this",
            "module.vpc.aws_default_vpc.this",
            "module.vpc.aws_egress_only_internet_gateway.this",
            "module.vpc.aws_eip.nat",
            "module.vpc.aws_elasticache_subnet_group.elasticache",
            "module.vpc.aws_flow_log.this",
            "module.vpc.aws_iam_policy.vpc_flow_log_cloudwatch",
            "module.vpc.aws_iam_role.vpc_flow_log_cloudwatch",
            "module.vpc.aws_iam_role_policy_attachment.vpc_flow_log_cloudwatch",
            "module.vpc.aws_internet_gateway.this",
            "module.vpc.aws_nat_gateway.this",
            "module.vpc.aws_network_acl.database",
            "module.vpc.aws_network_acl.elasticache",
            "module.vpc.aws_network_acl.intra",
            "module.vpc.aws_network_acl.outpost",
            "module.vpc.aws_network_acl.private",
            "module.vpc.aws_network_acl.public",
            "module.vpc.aws_network_acl.redshift",
            "module.vpc.aws_network_acl_rule.database_inbound",
            "module.vpc.aws_network_acl_rule.database_outbound",
            "module.vpc.aws_network_acl_rule.elasticache_inbound",
            "module.vpc.aws_network_acl_rule.elasticache_outbound",
            "module.vpc.aws_network_acl_rule.intra_inbound",
            "module.vpc.aws_network_acl_rule.intra_outbound",
            "module.vpc.aws_network_acl_rule.outpost_inbound",
            "module.vpc.aws_network_acl_rule.outpost_outbound",
            "module.vpc.aws_network_acl_rule.private_inbound",
            "module.vpc.aws_network_acl_rule.private_outbound",
            "module.vpc.aws_network_acl_rule.public_inbound",
            "module.vpc.aws_network_acl_rule.public_outbound",
            "module.vpc.aws_network_acl_rule.redshift_inbound",
            "module.vpc.aws_network_acl_rule.redshift_outbound",
            "module.vpc.aws_redshift_subnet_group.redshift",
            "module.vpc.aws_route.database_dns64_nat_gateway",
            "module.vpc.aws_route.database_internet_gateway",
            "module.vpc.aws_route.database_ipv6_egress",
            "module.vpc.aws_route.database_nat_gateway",
            "module.vpc.aws_route.private_dns64_nat_gateway",
            "module.vpc.aws_route.private_ipv6_egress",
            "module.vpc.aws_route.private_nat_gateway",
            "module.vpc.aws_route.public_internet_gateway",
            "module.vpc.aws_route.public_internet_gateway_ipv6",
            "module.vpc.aws_route_table.database",
            "module.vpc.aws_route_table.elasticache",
            "module.vpc.aws_route_table.intra",
            "module.vpc.aws_route_table.private",
            "module.vpc.aws_route_table.public",
            "module.vpc.aws_route_table.redshift",
            "module.vpc.aws_route_table_association.database",
            "module.vpc.aws_route_table_association.elasticache",
            "module.vpc.aws_route_table_association.intra",
            "module.vpc.aws_route_table_association.outpost",
            "module.vpc.aws_route_table_association.private",
            "module.vpc.aws_route_table_association.public",
            "module.vpc.aws_route_table_association.redshift",
            "module.vpc.aws_route_table_association.redshift_public",
            "module.vpc.aws_subnet.database",
            "module.vpc.aws_subnet.elasticache",
            "module.vpc.aws_subnet.intra",
            "module.vpc.aws_subnet.outpost",
            "module.vpc.aws_subnet.private",
            "module.vpc.aws_subnet.public",
            "module.vpc.aws_subnet.redshift",
            "module.vpc.aws_vpc.this",
            "module.vpc.aws_vpc_dhcp_options.this",
            "module.vpc.aws_vpc_dhcp_options_association.this",
            "module.vpc.aws_vpc_ipv4_cidr_block_association.this",
            "module.vpc.aws_vpn_gateway.this",
            "module.vpc.aws_vpn_gateway_attachment.this",
            "module.vpc.aws_vpn_gateway_route_propagation.intra",
            "module.vpc.aws_vpn_gateway_route_propagation.private",
            "module.vpc.aws_vpn_gateway_route_propagation.public",
            "module.vpc.data.aws_iam_policy_document.flow_log_cloudwatch_assume_role",
            "module.vpc.data.aws_iam_policy_document.vpc_flow_log_cloudwatch"
          ]
        },
        {
          "index_key": 2,
          "schema_version": 1,
          "attributes": {
            "ami": "ami-03789dbbf779d9790",
            "arn": "arn:aws:ec2:us-west-2:637423574315:instance/i-08fd60d898d78a16a",
            "associate_public_ip_address": false,
            "availability_zone": "us-west-2a",
            "capacity_reservation_specification": [
              {
                "capacity_reservation_preference": "open",
                "capacity_reservation_target": []
              }
            ],
            "cpu_core_count": 1,
            "cpu_options": [
              {
                "amd_sev_snp": "",
                "core_count": 1,
                "threads_per_core": 2
              }
            ],
            "cpu_threads_per_core": 2,
            "credit_specification": [
              {
                "cpu_credits": "unlimited"
              }
            ],
            "disable_api_stop": false,
            "disable_api_termination": false,
            "ebs_block_device": [],
            "ebs_optimized": false,
            "enclave_options": [
              {
                "enabled": false
              }
            ],
            "ephemeral_block_device": [],
            "get_password_data": false,
            "hibernation": false,
            "host_id": "",
            "host_resource_group_arn": null,
            "iam_instance_profile": "",
            "id": "i-08fd60d898d78a16a",
            "instance_initiated_shutdown_behavior": "stop",
            "instance_lifecycle": "",
            "instance_market_options": [],
            "instance_state": "running",
            "instance_type": "t3.micro",
            "ipv6_address_count": 0,
            "ipv6_addresses": [],
            "key_name": "",
            "launch_template": [],
            "maintenance_options": [
              {
                "auto_recovery": "default"
              }
            ],
            "metadata_options": [
              {
                "http_endpoint": "enabled",
                "http_protocol_ipv6": "disabled",
                "http_put_response_hop_limit": 1,
                "http_tokens": "optional",
                "instance_metadata_tags": "disabled"
              }
            ],
            "monitoring": false,
            "network_interface": [],
            "outpost_arn": "",
            "password_data": "",
            "placement_group": "",
            "placement_partition_number": 0,
            "primary_network_interface_id": "eni-0fff6f0aaed958ec9",
            "private_dns": "ip-10-0-101-82.us-west-2.compute.internal",
            "private_dns_name_options": [
              {
                "enable_resource_name_dns_a_record": false,
                "enable_resource_name_dns_aaaa_record": false,
                "hostname_type": "ip-name"
              }
            ],
            "private_ip": "10.0.101.82",
            "public_dns": "",
            "public_ip": "",
            "root_block_device": [
              {
                "delete_on_termination": true,
                "device_name": "/dev/xvda",
                "encrypted": false,
                "iops": 100,
                "kms_key_id": "",
                "tags": {},
                "tags_all": {},
                "throughput": 0,
                "volume_id": "vol-0e6d19cc95904e0d6",
                "volume_size": 8,
                "volume_type": "gp2"
              }
            ],
            "secondary_private_ips": [],
            "security_groups": [],
            "source_dest_check": true,
            "spot_instance_request_id": "",
            "subnet_id": "subnet-033c71e802ddedc36",
            "tags": {
              "environment": "dev",
              "project": "project-alpha"
            },
            "tags_all": {
              "environment": "dev",
              "project": "project-alpha"
            },
            "tenancy": "default",
            "timeouts": null,
            "user_data": "3b21b980468438c9034158841596d57f1283de5c",
            "user_data_base64": null,
            "user_data_replace_on_change": false,
            "volume_tags": null,
            "vpc_security_group_ids": [
              "sg-0e653b30f6622354e"
            ]
          },
          "sensitive_attributes": [],
          "private": "eyJlMmJmYjczMC1lY2FhLTExZTYtOGY4OC0zNDM2M2JjN2M0YzAiOnsiY3JlYXRlIjo2MDAwMDAwMDAwMDAsImRlbGV0ZSI6MTIwMDAwMDAwMDAwMCwicmVhZCI6OTAwMDAwMDAwMDAwLCJ1cGRhdGUiOjYwMDAwMDAwMDAwMH0sInNjaGVtYV92ZXJzaW9uIjoiMSJ9",
          "dependencies": [
            "data.aws_availability_zones.available",
            "module.app_security_group.module.sg.aws_security_group.this",
            "module.app_security_group.module.sg.aws_security_group.this_name_prefix",
            "module.ec2_instances.data.aws_ami.amazon_linux",
            "module.vpc.aws_cloudwatch_log_group.flow_log",
            "module.vpc.aws_customer_gateway.this",
            "module.vpc.aws_db_subnet_group.database",
            "module.vpc.aws_default_network_acl.this",
            "module.vpc.aws_default_route_table.default",
            "module.vpc.aws_default_security_group.this",
            "module.vpc.aws_default_vpc.this",
            "module.vpc.aws_egress_only_internet_gateway.this",
            "module.vpc.aws_eip.nat",
            "module.vpc.aws_elasticache_subnet_group.elasticache",
            "module.vpc.aws_flow_log.this",
            "module.vpc.aws_iam_policy.vpc_flow_log_cloudwatch",
            "module.vpc.aws_iam_role.vpc_flow_log_cloudwatch",
            "module.vpc.aws_iam_role_policy_attachment.vpc_flow_log_cloudwatch",
            "module.vpc.aws_internet_gateway.this",
            "module.vpc.aws_nat_gateway.this",
            "module.vpc.aws_network_acl.database",
            "module.vpc.aws_network_acl.elasticache",
            "module.vpc.aws_network_acl.intra",
            "module.vpc.aws_network_acl.outpost",
            "module.vpc.aws_network_acl.private",
            "module.vpc.aws_network_acl.public",
            "module.vpc.aws_network_acl.redshift",
            "module.vpc.aws_network_acl_rule.database_inbound",
            "module.vpc.aws_network_acl_rule.database_outbound",
            "module.vpc.aws_network_acl_rule.elasticache_inbound",
            "module.vpc.aws_network_acl_rule.elasticache_outbound",
            "module.vpc.aws_network_acl_rule.intra_inbound",
            "module.vpc.aws_network_acl_rule.intra_outbound",
            "module.vpc.aws_network_acl_rule.outpost_inbound",
            "module.vpc.aws_network_acl_rule.outpost_outbound",
            "module.vpc.aws_network_acl_rule.private_inbound",
            "module.vpc.aws_network_acl_rule.private_outbound",
            "module.vpc.aws_network_acl_rule.public_inbound",
            "module.vpc.aws_network_acl_rule.public_outbound",
            "module.vpc.aws_network_acl_rule.redshift_inbound",
            "module.vpc.aws_network_acl_rule.redshift_outbound",
            "module.vpc.aws_redshift_subnet_group.redshift",
            "module.vpc.aws_route.database_dns64_nat_gateway",
            "module.vpc.aws_route.database_internet_gateway",
            "module.vpc.aws_route.database_ipv6_egress",
            "module.vpc.aws_route.database_nat_gateway",
            "module.vpc.aws_route.private_dns64_nat_gateway",
            "module.vpc.aws_route.private_ipv6_egress",
            "module.vpc.aws_route.private_nat_gateway",
            "module.vpc.aws_route.public_internet_gateway",
            "module.vpc.aws_route.public_internet_gateway_ipv6",
            "module.vpc.aws_route_table.database",
            "module.vpc.aws_route_table.elasticache",
            "module.vpc.aws_route_table.intra",
            "module.vpc.aws_route_table.private",
            "module.vpc.aws_route_table.public",
            "module.vpc.aws_route_table.redshift",
            "module.vpc.aws_route_table_association.database",
            "module.vpc.aws_route_table_association.elasticache",
            "module.vpc.aws_route_table_association.intra",
            "module.vpc.aws_route_table_association.outpost",
            "module.vpc.aws_route_table_association.private",
            "module.vpc.aws_route_table_association.public",
            "module.vpc.aws_route_table_association.redshift",
            "module.vpc.aws_route_table_association.redshift_public",
            "module.vpc.aws_subnet.database",
            "module.vpc.aws_subnet.elasticache",
            "module.vpc.aws_subnet.intra",
            "module.vpc.aws_subnet.outpost",
            "module.vpc.aws_subnet.private",
            "module.vpc.aws_subnet.public",
            "module.vpc.aws_subnet.redshift",
            "module.vpc.aws_vpc.this",
            "module.vpc.aws_vpc_dhcp_options.this",
            "module.vpc.aws_vpc_dhcp_options_association.this",
            "module.vpc.aws_vpc_ipv4_cidr_block_association.this",
            "module.vpc.aws_vpn_gateway.this",
            "module.vpc.aws_vpn_gateway_attachment.this",
            "module.vpc.aws_vpn_gateway_route_propagation.intra",
            "module.vpc.aws_vpn_gateway_route_propagation.private",
            "module.vpc.aws_vpn_gateway_route_propagation.public",
            "module.vpc.data.aws_iam_policy_document.flow_log_cloudwatch_assume_role",
            "module.vpc.data.aws_iam_policy_document.vpc_flow_log_cloudwatch"
          ]
        }
      ]
    },
    {
      "module": "module.elb_http.module.elb",
      "mode": "managed",
      "type": "aws_elb",
      "name": "this",
      "provider": "provider[\"registry.terraform.io/hashicorp/aws\"]",
      "instances": [
        {
          "index_key": 0,
          "schema_version": 0,
          "attributes": {
            "access_logs": [],
            "arn": "arn:aws:elasticloadbalancing:us-west-2:637423574315:loadbalancer/lb-JJc-project-alpha-dev",
            "availability_zones": [
              "us-west-2a",
              "us-west-2b"
            ],
            "connection_draining": false,
            "connection_draining_timeout": 300,
            "cross_zone_load_balancing": true,
            "desync_mitigation_mode": "defensive",
            "dns_name": "lb-JJc-project-alpha-dev-839713022.us-west-2.elb.amazonaws.com",
            "health_check": [
              {
                "healthy_threshold": 3,
                "interval": 10,
                "target": "HTTP:80/index.html",
                "timeout": 5,
                "unhealthy_threshold": 10
              }
            ],
            "id": "lb-JJc-project-alpha-dev",
            "idle_timeout": 60,
            "instances": [
              "i-00242dbd3de3fa612",
              "i-0f06345b39a9fe72b"
            ],
            "internal": false,
            "listener": [
              {
                "instance_port": 80,
                "instance_protocol": "http",
                "lb_port": 80,
                "lb_protocol": "http",
                "ssl_certificate_id": ""
              }
            ],
            "name": "lb-JJc-project-alpha-dev",
            "name_prefix": "",
            "security_groups": [
              "sg-063bed00f32613855"
            ],
            "source_security_group": "637423574315/lb-sg-project-alpha-dev-20240716144348507700000001",
            "source_security_group_id": "sg-063bed00f32613855",
            "subnets": [
              "subnet-0002429defc5cd2df",
              "subnet-06cabc64a616e3808"
            ],
            "tags": {
              "Name": "lb-JJc-project-alpha-dev",
              "environment": "dev",
              "project": "project-alpha"
            },
            "tags_all": {
              "Name": "lb-JJc-project-alpha-dev",
              "environment": "dev",
              "project": "project-alpha"
            },
            "timeouts": null,
            "zone_id": "Z1H1FL5HABSF5"
          },
          "sensitive_attributes": [],
          "private": "eyJlMmJmYjczMC1lY2FhLTExZTYtOGY4OC0zNDM2M2JjN2M0YzAiOnsiY3JlYXRlIjozMDAwMDAwMDAwMDAsInVwZGF0ZSI6MzAwMDAwMDAwMDAwfX0=",
          "dependencies": [
            "data.aws_availability_zones.available",
            "module.lb_security_group.module.sg.aws_security_group.this",
            "module.lb_security_group.module.sg.aws_security_group.this_name_prefix",
            "module.vpc.aws_subnet.public",
            "module.vpc.aws_vpc.this",
            "module.vpc.aws_vpc_ipv4_cidr_block_association.this",
            "random_string.lb_id"
          ]
        }
      ]
    },
    {
      "module": "module.elb_http.module.elb_attachment",
      "mode": "managed",
      "type": "aws_elb_attachment",
      "name": "this",
      "provider": "provider[\"registry.terraform.io/hashicorp/aws\"]",
      "instances": [
        {
          "index_key": 0,
          "schema_version": 0,
          "attributes": {
            "elb": "lb-JJc-project-alpha-dev",
            "id": "lb-JJc-project-alpha-dev-20240716151425092900000004",
            "instance": "i-022e230d61dc69c7a"
          },
          "sensitive_attributes": [],
          "private": "bnVsbA==",
          "dependencies": [
            "data.aws_availability_zones.available",
            "module.app_security_group.module.sg.aws_security_group.this",
            "module.app_security_group.module.sg.aws_security_group.this_name_prefix",
            "module.ec2_instances.aws_instance.app",
            "module.ec2_instances.data.aws_ami.amazon_linux",
            "module.elb_http.module.elb.aws_elb.this",
            "module.lb_security_group.module.sg.aws_security_group.this",
            "module.lb_security_group.module.sg.aws_security_group.this_name_prefix",
            "module.vpc.aws_cloudwatch_log_group.flow_log",
            "module.vpc.aws_customer_gateway.this",
            "module.vpc.aws_db_subnet_group.database",
            "module.vpc.aws_default_network_acl.this",
            "module.vpc.aws_default_route_table.default",
            "module.vpc.aws_default_security_group.this",
            "module.vpc.aws_default_vpc.this",
            "module.vpc.aws_egress_only_internet_gateway.this",
            "module.vpc.aws_eip.nat",
            "module.vpc.aws_elasticache_subnet_group.elasticache",
            "module.vpc.aws_flow_log.this",
            "module.vpc.aws_iam_policy.vpc_flow_log_cloudwatch",
            "module.vpc.aws_iam_role.vpc_flow_log_cloudwatch",
            "module.vpc.aws_iam_role_policy_attachment.vpc_flow_log_cloudwatch",
            "module.vpc.aws_internet_gateway.this",
            "module.vpc.aws_nat_gateway.this",
            "module.vpc.aws_network_acl.database",
            "module.vpc.aws_network_acl.elasticache",
            "module.vpc.aws_network_acl.intra",
            "module.vpc.aws_network_acl.outpost",
            "module.vpc.aws_network_acl.private",
            "module.vpc.aws_network_acl.public",
            "module.vpc.aws_network_acl.redshift",
            "module.vpc.aws_network_acl_rule.database_inbound",
            "module.vpc.aws_network_acl_rule.database_outbound",
            "module.vpc.aws_network_acl_rule.elasticache_inbound",
            "module.vpc.aws_network_acl_rule.elasticache_outbound",
            "module.vpc.aws_network_acl_rule.intra_inbound",
            "module.vpc.aws_network_acl_rule.intra_outbound",
            "module.vpc.aws_network_acl_rule.outpost_inbound",
            "module.vpc.aws_network_acl_rule.outpost_outbound",
            "module.vpc.aws_network_acl_rule.private_inbound",
            "module.vpc.aws_network_acl_rule.private_outbound",
            "module.vpc.aws_network_acl_rule.public_inbound",
            "module.vpc.aws_network_acl_rule.public_outbound",
            "module.vpc.aws_network_acl_rule.redshift_inbound",
            "module.vpc.aws_network_acl_rule.redshift_outbound",
            "module.vpc.aws_redshift_subnet_group.redshift",
            "module.vpc.aws_route.database_dns64_nat_gateway",
            "module.vpc.aws_route.database_internet_gateway",
            "module.vpc.aws_route.database_ipv6_egress",
            "module.vpc.aws_route.database_nat_gateway",
            "module.vpc.aws_route.private_dns64_nat_gateway",
            "module.vpc.aws_route.private_ipv6_egress",
            "module.vpc.aws_route.private_nat_gateway",
            "module.vpc.aws_route.public_internet_gateway",
            "module.vpc.aws_route.public_internet_gateway_ipv6",
            "module.vpc.aws_route_table.database",
            "module.vpc.aws_route_table.elasticache",
            "module.vpc.aws_route_table.intra",
            "module.vpc.aws_route_table.private",
            "module.vpc.aws_route_table.public",
            "module.vpc.aws_route_table.redshift",
            "module.vpc.aws_route_table_association.database",
            "module.vpc.aws_route_table_association.elasticache",
            "module.vpc.aws_route_table_association.intra",
            "module.vpc.aws_route_table_association.outpost",
            "module.vpc.aws_route_table_association.private",
            "module.vpc.aws_route_table_association.public",
            "module.vpc.aws_route_table_association.redshift",
            "module.vpc.aws_route_table_association.redshift_public",
            "module.vpc.aws_subnet.database",
            "module.vpc.aws_subnet.elasticache",
            "module.vpc.aws_subnet.intra",
            "module.vpc.aws_subnet.outpost",
            "module.vpc.aws_subnet.private",
            "module.vpc.aws_subnet.public",
            "module.vpc.aws_subnet.redshift",
            "module.vpc.aws_vpc.this",
            "module.vpc.aws_vpc_dhcp_options.this",
            "module.vpc.aws_vpc_dhcp_options_association.this",
            "module.vpc.aws_vpc_ipv4_cidr_block_association.this",
            "module.vpc.aws_vpn_gateway.this",
            "module.vpc.aws_vpn_gateway_attachment.this",
            "module.vpc.aws_vpn_gateway_route_propagation.intra",
            "module.vpc.aws_vpn_gateway_route_propagation.private",
            "module.vpc.aws_vpn_gateway_route_propagation.public",
            "module.vpc.data.aws_iam_policy_document.flow_log_cloudwatch_assume_role",
            "module.vpc.data.aws_iam_policy_document.vpc_flow_log_cloudwatch",
            "random_string.lb_id"
          ]
        },
        {
          "index_key": 1,
          "schema_version": 0,
          "attributes": {
            "elb": "lb-JJc-project-alpha-dev",
            "id": "lb-JJc-project-alpha-dev-20240716151425093600000005",
            "instance": "i-068d3e46b1e52bb84"
          },
          "sensitive_attributes": [],
          "private": "bnVsbA==",
          "dependencies": [
            "data.aws_availability_zones.available",
            "module.app_security_group.module.sg.aws_security_group.this",
            "module.app_security_group.module.sg.aws_security_group.this_name_prefix",
            "module.ec2_instances.aws_instance.app",
            "module.ec2_instances.data.aws_ami.amazon_linux",
            "module.elb_http.module.elb.aws_elb.this",
            "module.lb_security_group.module.sg.aws_security_group.this",
            "module.lb_security_group.module.sg.aws_security_group.this_name_prefix",
            "module.vpc.aws_cloudwatch_log_group.flow_log",
            "module.vpc.aws_customer_gateway.this",
            "module.vpc.aws_db_subnet_group.database",
            "module.vpc.aws_default_network_acl.this",
            "module.vpc.aws_default_route_table.default",
            "module.vpc.aws_default_security_group.this",
            "module.vpc.aws_default_vpc.this",
            "module.vpc.aws_egress_only_internet_gateway.this",
            "module.vpc.aws_eip.nat",
            "module.vpc.aws_elasticache_subnet_group.elasticache",
            "module.vpc.aws_flow_log.this",
            "module.vpc.aws_iam_policy.vpc_flow_log_cloudwatch",
            "module.vpc.aws_iam_role.vpc_flow_log_cloudwatch",
            "module.vpc.aws_iam_role_policy_attachment.vpc_flow_log_cloudwatch",
            "module.vpc.aws_internet_gateway.this",
            "module.vpc.aws_nat_gateway.this",
            "module.vpc.aws_network_acl.database",
            "module.vpc.aws_network_acl.elasticache",
            "module.vpc.aws_network_acl.intra",
            "module.vpc.aws_network_acl.outpost",
            "module.vpc.aws_network_acl.private",
            "module.vpc.aws_network_acl.public",
            "module.vpc.aws_network_acl.redshift",
            "module.vpc.aws_network_acl_rule.database_inbound",
            "module.vpc.aws_network_acl_rule.database_outbound",
            "module.vpc.aws_network_acl_rule.elasticache_inbound",
            "module.vpc.aws_network_acl_rule.elasticache_outbound",
            "module.vpc.aws_network_acl_rule.intra_inbound",
            "module.vpc.aws_network_acl_rule.intra_outbound",
            "module.vpc.aws_network_acl_rule.outpost_inbound",
            "module.vpc.aws_network_acl_rule.outpost_outbound",
            "module.vpc.aws_network_acl_rule.private_inbound",
            "module.vpc.aws_network_acl_rule.private_outbound",
            "module.vpc.aws_network_acl_rule.public_inbound",
            "module.vpc.aws_network_acl_rule.public_outbound",
            "module.vpc.aws_network_acl_rule.redshift_inbound",
            "module.vpc.aws_network_acl_rule.redshift_outbound",
            "module.vpc.aws_redshift_subnet_group.redshift",
            "module.vpc.aws_route.database_dns64_nat_gateway",
            "module.vpc.aws_route.database_internet_gateway",
            "module.vpc.aws_route.database_ipv6_egress",
            "module.vpc.aws_route.database_nat_gateway",
            "module.vpc.aws_route.private_dns64_nat_gateway",
            "module.vpc.aws_route.private_ipv6_egress",
            "module.vpc.aws_route.private_nat_gateway",
            "module.vpc.aws_route.public_internet_gateway",
            "module.vpc.aws_route.public_internet_gateway_ipv6",
            "module.vpc.aws_route_table.database",
            "module.vpc.aws_route_table.elasticache",
            "module.vpc.aws_route_table.intra",
            "module.vpc.aws_route_table.private",
            "module.vpc.aws_route_table.public",
            "module.vpc.aws_route_table.redshift",
            "module.vpc.aws_route_table_association.database",
            "module.vpc.aws_route_table_association.elasticache",
            "module.vpc.aws_route_table_association.intra",
            "module.vpc.aws_route_table_association.outpost",
            "module.vpc.aws_route_table_association.private",
            "module.vpc.aws_route_table_association.public",
            "module.vpc.aws_route_table_association.redshift",
            "module.vpc.aws_route_table_association.redshift_public",
            "module.vpc.aws_subnet.database",
            "module.vpc.aws_subnet.elasticache",
            "module.vpc.aws_subnet.intra",
            "module.vpc.aws_subnet.outpost",
            "module.vpc.aws_subnet.private",
            "module.vpc.aws_subnet.public",
            "module.vpc.aws_subnet.redshift",
            "module.vpc.aws_vpc.this",
            "module.vpc.aws_vpc_dhcp_options.this",
            "module.vpc.aws_vpc_dhcp_options_association.this",
            "module.vpc.aws_vpc_ipv4_cidr_block_association.this",
            "module.vpc.aws_vpn_gateway.this",
            "module.vpc.aws_vpn_gateway_attachment.this",
            "module.vpc.aws_vpn_gateway_route_propagation.intra",
            "module.vpc.aws_vpn_gateway_route_propagation.private",
            "module.vpc.aws_vpn_gateway_route_propagation.public",
            "module.vpc.data.aws_iam_policy_document.flow_log_cloudwatch_assume_role",
            "module.vpc.data.aws_iam_policy_document.vpc_flow_log_cloudwatch",
            "random_string.lb_id"
          ]
        },
        {
          "index_key": 2,
          "schema_version": 0,
          "attributes": {
            "elb": "lb-JJc-project-alpha-dev",
            "id": "lb-JJc-project-alpha-dev-20240716151425095700000006",
            "instance": "i-08fd60d898d78a16a"
          },
          "sensitive_attributes": [],
          "private": "bnVsbA==",
          "dependencies": [
            "data.aws_availability_zones.available",
            "module.app_security_group.module.sg.aws_security_group.this",
            "module.app_security_group.module.sg.aws_security_group.this_name_prefix",
            "module.ec2_instances.aws_instance.app",
            "module.ec2_instances.data.aws_ami.amazon_linux",
            "module.elb_http.module.elb.aws_elb.this",
            "module.lb_security_group.module.sg.aws_security_group.this",
            "module.lb_security_group.module.sg.aws_security_group.this_name_prefix",
            "module.vpc.aws_cloudwatch_log_group.flow_log",
            "module.vpc.aws_customer_gateway.this",
            "module.vpc.aws_db_subnet_group.database",
            "module.vpc.aws_default_network_acl.this",
            "module.vpc.aws_default_route_table.default",
            "module.vpc.aws_default_security_group.this",
            "module.vpc.aws_default_vpc.this",
            "module.vpc.aws_egress_only_internet_gateway.this",
            "module.vpc.aws_eip.nat",
            "module.vpc.aws_elasticache_subnet_group.elasticache",
            "module.vpc.aws_flow_log.this",
            "module.vpc.aws_iam_policy.vpc_flow_log_cloudwatch",
            "module.vpc.aws_iam_role.vpc_flow_log_cloudwatch",
            "module.vpc.aws_iam_role_policy_attachment.vpc_flow_log_cloudwatch",
            "module.vpc.aws_internet_gateway.this",
            "module.vpc.aws_nat_gateway.this",
            "module.vpc.aws_network_acl.database",
            "module.vpc.aws_network_acl.elasticache",
            "module.vpc.aws_network_acl.intra",
            "module.vpc.aws_network_acl.outpost",
            "module.vpc.aws_network_acl.private",
            "module.vpc.aws_network_acl.public",
            "module.vpc.aws_network_acl.redshift",
            "module.vpc.aws_network_acl_rule.database_inbound",
            "module.vpc.aws_network_acl_rule.database_outbound",
            "module.vpc.aws_network_acl_rule.elasticache_inbound",
            "module.vpc.aws_network_acl_rule.elasticache_outbound",
            "module.vpc.aws_network_acl_rule.intra_inbound",
            "module.vpc.aws_network_acl_rule.intra_outbound",
            "module.vpc.aws_network_acl_rule.outpost_inbound",
            "module.vpc.aws_network_acl_rule.outpost_outbound",
            "module.vpc.aws_network_acl_rule.private_inbound",
            "module.vpc.aws_network_acl_rule.private_outbound",
            "module.vpc.aws_network_acl_rule.public_inbound",
            "module.vpc.aws_network_acl_rule.public_outbound",
            "module.vpc.aws_network_acl_rule.redshift_inbound",
            "module.vpc.aws_network_acl_rule.redshift_outbound",
            "module.vpc.aws_redshift_subnet_group.redshift",
            "module.vpc.aws_route.database_dns64_nat_gateway",
            "module.vpc.aws_route.database_internet_gateway",
            "module.vpc.aws_route.database_ipv6_egress",
            "module.vpc.aws_route.database_nat_gateway",
            "module.vpc.aws_route.private_dns64_nat_gateway",
            "module.vpc.aws_route.private_ipv6_egress",
            "module.vpc.aws_route.private_nat_gateway",
            "module.vpc.aws_route.public_internet_gateway",
            "module.vpc.aws_route.public_internet_gateway_ipv6",
            "module.vpc.aws_route_table.database",
            "module.vpc.aws_route_table.elasticache",
            "module.vpc.aws_route_table.intra",
            "module.vpc.aws_route_table.private",
            "module.vpc.aws_route_table.public",
            "module.vpc.aws_route_table.redshift",
            "module.vpc.aws_route_table_association.database",
            "module.vpc.aws_route_table_association.elasticache",
            "module.vpc.aws_route_table_association.intra",
            "module.vpc.aws_route_table_association.outpost",
            "module.vpc.aws_route_table_association.private",
            "module.vpc.aws_route_table_association.public",
            "module.vpc.aws_route_table_association.redshift",
            "module.vpc.aws_route_table_association.redshift_public",
            "module.vpc.aws_subnet.database",
            "module.vpc.aws_subnet.elasticache",
            "module.vpc.aws_subnet.intra",
            "module.vpc.aws_subnet.outpost",
            "module.vpc.aws_subnet.private",
            "module.vpc.aws_subnet.public",
            "module.vpc.aws_subnet.redshift",
            "module.vpc.aws_vpc.this",
            "module.vpc.aws_vpc_dhcp_options.this",
            "module.vpc.aws_vpc_dhcp_options_association.this",
            "module.vpc.aws_vpc_ipv4_cidr_block_association.this",
            "module.vpc.aws_vpn_gateway.this",
            "module.vpc.aws_vpn_gateway_attachment.this",
            "module.vpc.aws_vpn_gateway_route_propagation.intra",
            "module.vpc.aws_vpn_gateway_route_propagation.private",
            "module.vpc.aws_vpn_gateway_route_propagation.public",
            "module.vpc.data.aws_iam_policy_document.flow_log_cloudwatch_assume_role",
            "module.vpc.data.aws_iam_policy_document.vpc_flow_log_cloudwatch",
            "random_string.lb_id"
          ]
        }
      ]
    },
    {
      "module": "module.lb_security_group.module.sg",
      "mode": "managed",
      "type": "aws_security_group",
      "name": "this_name_prefix",
      "provider": "provider[\"registry.terraform.io/hashicorp/aws\"]",
      "instances": [
        {
          "index_key": 0,
          "schema_version": 1,
          "attributes": {
            "arn": "arn:aws:ec2:us-west-2:637423574315:security-group/sg-063bed00f32613855",
            "description": "Security group for load balancer with HTTP ports open within VPC",
            "egress": [
              {
                "cidr_blocks": [
                  "0.0.0.0/0"
                ],
                "description": "All protocols",
                "from_port": 0,
                "ipv6_cidr_blocks": [
                  "::/0"
                ],
                "prefix_list_ids": [],
                "protocol": "-1",
                "security_groups": [],
                "self": false,
                "to_port": 0
              }
            ],
            "id": "sg-063bed00f32613855",
            "ingress": [
              {
                "cidr_blocks": [
                  "0.0.0.0/0"
                ],
                "description": "HTTP",
                "from_port": 8080,
                "ipv6_cidr_blocks": [],
                "prefix_list_ids": [],
                "protocol": "tcp",
                "security_groups": [],
                "self": false,
                "to_port": 8080
              },
              {
                "cidr_blocks": [
                  "0.0.0.0/0"
                ],
                "description": "HTTP",
                "from_port": 80,
                "ipv6_cidr_blocks": [],
                "prefix_list_ids": [],
                "protocol": "tcp",
                "security_groups": [],
                "self": false,
                "to_port": 80
              },
              {
                "cidr_blocks": [
                  "0.0.0.0/0"
                ],
                "description": "HTTPS",
                "from_port": 443,
                "ipv6_cidr_blocks": [],
                "prefix_list_ids": [],
                "protocol": "tcp",
                "security_groups": [],
                "self": false,
                "to_port": 443
              },
              {
                "cidr_blocks": [
                  "0.0.0.0/0"
                ],
                "description": "JMX",
                "from_port": 1099,
                "ipv6_cidr_blocks": [],
                "prefix_list_ids": [],
                "protocol": "tcp",
                "security_groups": [],
                "self": false,
                "to_port": 1099
              },
              {
                "cidr_blocks": [],
                "description": "Ingress Rule",
                "from_port": 0,
                "ipv6_cidr_blocks": [],
                "prefix_list_ids": [],
                "protocol": "-1",
                "security_groups": [],
                "self": true,
                "to_port": 0
              }
            ],
            "name": "lb-sg-project-alpha-dev-20240716144348507700000001",
            "name_prefix": "lb-sg-project-alpha-dev-",
            "owner_id": "637423574315",
            "revoke_rules_on_delete": false,
            "tags": {
              "Name": "lb-sg-project-alpha-dev",
              "environment": "dev",
              "project": "project-alpha"
            },
            "tags_all": {
              "Name": "lb-sg-project-alpha-dev",
              "environment": "dev",
              "project": "project-alpha"
            },
            "timeouts": {
              "create": "10m",
              "delete": "15m"
            },
            "vpc_id": "vpc-0ba38c6cfab35db24"
          },
          "sensitive_attributes": [],
          "private": "eyJlMmJmYjczMC1lY2FhLTExZTYtOGY4OC0zNDM2M2JjN2M0YzAiOnsiY3JlYXRlIjo2MDAwMDAwMDAwMDAsImRlbGV0ZSI6OTAwMDAwMDAwMDAwfSwic2NoZW1hX3ZlcnNpb24iOiIxIn0=",
          "dependencies": [
            "module.vpc.aws_vpc.this"
          ],
          "create_before_destroy": true
        }
      ]
    },
    {
      "module": "module.lb_security_group.module.sg",
      "mode": "managed",
      "type": "aws_security_group_rule",
      "name": "egress_rules",
      "provider": "provider[\"registry.terraform.io/hashicorp/aws\"]",
      "instances": [
        {
          "index_key": 0,
          "schema_version": 2,
          "attributes": {
            "cidr_blocks": [
              "0.0.0.0/0"
            ],
            "description": "All protocols",
            "from_port": 0,
            "id": "sgrule-3985607749",
            "ipv6_cidr_blocks": [
              "::/0"
            ],
            "prefix_list_ids": [],
            "protocol": "-1",
            "security_group_id": "sg-063bed00f32613855",
            "security_group_rule_id": "",
            "self": false,
            "source_security_group_id": null,
            "timeouts": null,
            "to_port": 0,
            "type": "egress"
          },
          "sensitive_attributes": [],
          "private": "eyJlMmJmYjczMC1lY2FhLTExZTYtOGY4OC0zNDM2M2JjN2M0YzAiOnsiY3JlYXRlIjozMDAwMDAwMDAwMDB9LCJzY2hlbWFfdmVyc2lvbiI6IjIifQ==",
          "dependencies": [
            "module.lb_security_group.module.sg.aws_security_group.this",
            "module.lb_security_group.module.sg.aws_security_group.this_name_prefix",
            "module.vpc.aws_vpc.this"
          ]
        }
      ]
    },
    {
      "module": "module.lb_security_group.module.sg",
      "mode": "managed",
      "type": "aws_security_group_rule",
      "name": "ingress_rules",
      "provider": "provider[\"registry.terraform.io/hashicorp/aws\"]",
      "instances": [
        {
          "index_key": 0,
          "schema_version": 2,
          "attributes": {
            "cidr_blocks": [
              "0.0.0.0/0"
            ],
            "description": "HTTP",
            "from_port": 80,
            "id": "sgrule-3764226399",
            "ipv6_cidr_blocks": [],
            "prefix_list_ids": [],
            "protocol": "tcp",
            "security_group_id": "sg-063bed00f32613855",
            "security_group_rule_id": "sgr-0d9df863dcf2376c8",
            "self": false,
            "source_security_group_id": null,
            "timeouts": null,
            "to_port": 80,
            "type": "ingress"
          },
          "sensitive_attributes": [],
          "private": "eyJlMmJmYjczMC1lY2FhLTExZTYtOGY4OC0zNDM2M2JjN2M0YzAiOnsiY3JlYXRlIjozMDAwMDAwMDAwMDB9LCJzY2hlbWFfdmVyc2lvbiI6IjIifQ==",
          "dependencies": [
            "module.lb_security_group.module.sg.aws_security_group.this",
            "module.lb_security_group.module.sg.aws_security_group.this_name_prefix",
            "module.vpc.aws_vpc.this"
          ]
        },
        {
          "index_key": 1,
          "schema_version": 2,
          "attributes": {
            "cidr_blocks": [
              "0.0.0.0/0"
            ],
            "description": "HTTP",
            "from_port": 8080,
            "id": "sgrule-128487950",
            "ipv6_cidr_blocks": [],
            "prefix_list_ids": [],
            "protocol": "tcp",
            "security_group_id": "sg-063bed00f32613855",
            "security_group_rule_id": "sgr-019665649142d078e",
            "self": false,
            "source_security_group_id": null,
            "timeouts": null,
            "to_port": 8080,
            "type": "ingress"
          },
          "sensitive_attributes": [],
          "private": "eyJlMmJmYjczMC1lY2FhLTExZTYtOGY4OC0zNDM2M2JjN2M0YzAiOnsiY3JlYXRlIjozMDAwMDAwMDAwMDB9LCJzY2hlbWFfdmVyc2lvbiI6IjIifQ==",
          "dependencies": [
            "module.lb_security_group.module.sg.aws_security_group.this",
            "module.lb_security_group.module.sg.aws_security_group.this_name_prefix",
            "module.vpc.aws_vpc.this"
          ]
        },
        {
          "index_key": 2,
          "schema_version": 2,
          "attributes": {
            "cidr_blocks": [
              "0.0.0.0/0"
            ],
            "description": "HTTPS",
            "from_port": 443,
            "id": "sgrule-258275504",
            "ipv6_cidr_blocks": [],
            "prefix_list_ids": [],
            "protocol": "tcp",
            "security_group_id": "sg-063bed00f32613855",
            "security_group_rule_id": "sgr-00bf03c8b4306316a",
            "self": false,
            "source_security_group_id": null,
            "timeouts": null,
            "to_port": 443,
            "type": "ingress"
          },
          "sensitive_attributes": [],
          "private": "eyJlMmJmYjczMC1lY2FhLTExZTYtOGY4OC0zNDM2M2JjN2M0YzAiOnsiY3JlYXRlIjozMDAwMDAwMDAwMDB9LCJzY2hlbWFfdmVyc2lvbiI6IjIifQ==",
          "dependencies": [
            "module.lb_security_group.module.sg.aws_security_group.this",
            "module.lb_security_group.module.sg.aws_security_group.this_name_prefix",
            "module.vpc.aws_vpc.this"
          ]
        },
        {
          "index_key": 3,
          "schema_version": 2,
          "attributes": {
            "cidr_blocks": [
              "0.0.0.0/0"
            ],
            "description": "JMX",
            "from_port": 1099,
            "id": "sgrule-3195033634",
            "ipv6_cidr_blocks": [],
            "prefix_list_ids": [],
            "protocol": "tcp",
            "security_group_id": "sg-063bed00f32613855",
            "security_group_rule_id": "sgr-06ded518750d4b9a6",
            "self": false,
            "source_security_group_id": null,
            "timeouts": null,
            "to_port": 1099,
            "type": "ingress"
          },
          "sensitive_attributes": [],
          "private": "eyJlMmJmYjczMC1lY2FhLTExZTYtOGY4OC0zNDM2M2JjN2M0YzAiOnsiY3JlYXRlIjozMDAwMDAwMDAwMDB9LCJzY2hlbWFfdmVyc2lvbiI6IjIifQ==",
          "dependencies": [
            "module.lb_security_group.module.sg.aws_security_group.this",
            "module.lb_security_group.module.sg.aws_security_group.this_name_prefix",
            "module.vpc.aws_vpc.this"
          ]
        }
      ]
    },
    {
      "module": "module.lb_security_group.module.sg",
      "mode": "managed",
      "type": "aws_security_group_rule",
      "name": "ingress_with_self",
      "provider": "provider[\"registry.terraform.io/hashicorp/aws\"]",
      "instances": [
        {
          "index_key": 0,
          "schema_version": 2,
          "attributes": {
            "cidr_blocks": null,
            "description": "Ingress Rule",
            "from_port": 0,
            "id": "sgrule-403294492",
            "ipv6_cidr_blocks": null,
            "prefix_list_ids": [],
            "protocol": "-1",
            "security_group_id": "sg-063bed00f32613855",
            "security_group_rule_id": "sgr-0be71fe1462c0535c",
            "self": true,
            "source_security_group_id": null,
            "timeouts": null,
            "to_port": 0,
            "type": "ingress"
          },
          "sensitive_attributes": [],
          "private": "eyJlMmJmYjczMC1lY2FhLTExZTYtOGY4OC0zNDM2M2JjN2M0YzAiOnsiY3JlYXRlIjozMDAwMDAwMDAwMDB9LCJzY2hlbWFfdmVyc2lvbiI6IjIifQ==",
          "dependencies": [
            "module.lb_security_group.module.sg.aws_security_group.this",
            "module.lb_security_group.module.sg.aws_security_group.this_name_prefix",
            "module.vpc.aws_vpc.this"
          ]
        }
      ]
    },
    {
      "module": "module.vpc",
      "mode": "managed",
      "type": "aws_default_network_acl",
      "name": "this",
      "provider": "provider[\"registry.terraform.io/hashicorp/aws\"]",
      "instances": [
        {
          "index_key": 0,
          "schema_version": 0,
          "attributes": {
            "arn": "arn:aws:ec2:us-west-2:637423574315:network-acl/acl-0b0d2b678f6f2a3a1",
            "default_network_acl_id": "acl-0b0d2b678f6f2a3a1",
            "egress": [
              {
                "action": "allow",
                "cidr_block": "",
                "from_port": 0,
                "icmp_code": 0,
                "icmp_type": 0,
                "ipv6_cidr_block": "::/0",
                "protocol": "-1",
                "rule_no": 101,
                "to_port": 0
              },
              {
                "action": "allow",
                "cidr_block": "0.0.0.0/0",
                "from_port": 0,
                "icmp_code": 0,
                "icmp_type": 0,
                "ipv6_cidr_block": "",
                "protocol": "-1",
                "rule_no": 100,
                "to_port": 0
              }
            ],
            "id": "acl-0b0d2b678f6f2a3a1",
            "ingress": [
              {
                "action": "allow",
                "cidr_block": "",
                "from_port": 0,
                "icmp_code": 0,
                "icmp_type": 0,
                "ipv6_cidr_block": "::/0",
                "protocol": "-1",
                "rule_no": 101,
                "to_port": 0
              },
              {
                "action": "allow",
                "cidr_block": "0.0.0.0/0",
                "from_port": 0,
                "icmp_code": 0,
                "icmp_type": 0,
                "ipv6_cidr_block": "",
                "protocol": "-1",
                "rule_no": 100,
                "to_port": 0
              }
            ],
            "owner_id": "637423574315",
            "subnet_ids": [
              "subnet-0002429defc5cd2df",
              "subnet-033c71e802ddedc36",
              "subnet-06cabc64a616e3808",
              "subnet-0d85cb8075855c253"
            ],
            "tags": {
              "Name": "-default",
              "environment": "dev",
              "owner": "me@example.com",
              "project": "project-alpha"
            },
            "tags_all": {
              "Name": "-default",
              "environment": "dev",
              "owner": "me@example.com",
              "project": "project-alpha"
            },
            "vpc_id": "vpc-0ba38c6cfab35db24"
          },
          "sensitive_attributes": [],
          "private": "bnVsbA==",
          "dependencies": [
            "module.vpc.aws_vpc.this"
          ]
        }
      ]
    },
    {
      "module": "module.vpc",
      "mode": "managed",
      "type": "aws_default_route_table",
      "name": "default",
      "provider": "provider[\"registry.terraform.io/hashicorp/aws\"]",
      "instances": [
        {
          "index_key": 0,
          "schema_version": 0,
          "attributes": {
            "arn": "arn:aws:ec2:us-west-2:637423574315:route-table/rtb-09c765558c18e579d",
            "default_route_table_id": "rtb-09c765558c18e579d",
            "id": "rtb-09c765558c18e579d",
            "owner_id": "637423574315",
            "propagating_vgws": [],
            "route": [],
            "tags": {
              "Name": "-default",
              "environment": "dev",
              "owner": "me@example.com",
              "project": "project-alpha"
            },
            "tags_all": {
              "Name": "-default",
              "environment": "dev",
              "owner": "me@example.com",
              "project": "project-alpha"
            },
            "timeouts": {
              "create": "5m",
              "update": "5m"
            },
            "vpc_id": "vpc-0ba38c6cfab35db24"
          },
          "sensitive_attributes": [],
          "private": "eyJlMmJmYjczMC1lY2FhLTExZTYtOGY4OC0zNDM2M2JjN2M0YzAiOnsiY3JlYXRlIjozMDAwMDAwMDAwMDAsInVwZGF0ZSI6MzAwMDAwMDAwMDAwfX0=",
          "dependencies": [
            "module.vpc.aws_vpc.this"
          ]
        }
      ]
    },
    {
      "module": "module.vpc",
      "mode": "managed",
      "type": "aws_default_security_group",
      "name": "this",
      "provider": "provider[\"registry.terraform.io/hashicorp/aws\"]",
      "instances": [
        {
          "index_key": 0,
          "schema_version": 1,
          "attributes": {
            "arn": "arn:aws:ec2:us-west-2:637423574315:security-group/sg-02d08885f7a139a61",
            "description": "default VPC security group",
            "egress": [],
            "id": "sg-02d08885f7a139a61",
            "ingress": [],
            "name": "default",
            "name_prefix": "",
            "owner_id": "637423574315",
            "revoke_rules_on_delete": false,
            "tags": {
              "Name": "-default",
              "environment": "dev",
              "owner": "me@example.com",
              "project": "project-alpha"
            },
            "tags_all": {
              "Name": "-default",
              "environment": "dev",
              "owner": "me@example.com",
              "project": "project-alpha"
            },
            "vpc_id": "vpc-0ba38c6cfab35db24"
          },
          "sensitive_attributes": [],
          "private": "eyJzY2hlbWFfdmVyc2lvbiI6IjEifQ==",
          "dependencies": [
            "module.vpc.aws_vpc.this"
          ]
        }
      ]
    },
    {
      "module": "module.vpc",
      "mode": "managed",
      "type": "aws_eip",
      "name": "nat",
      "provider": "provider[\"registry.terraform.io/hashicorp/aws\"]",
      "instances": [
        {
          "index_key": 0,
          "schema_version": 0,
          "attributes": {
            "address": null,
            "allocation_id": "eipalloc-0626cc8f8cae92613",
            "associate_with_private_ip": null,
            "association_id": "eipassoc-0856f1ab5d9bfae85",
            "carrier_ip": "",
            "customer_owned_ip": "",
            "customer_owned_ipv4_pool": "",
            "domain": "vpc",
            "id": "eipalloc-0626cc8f8cae92613",
            "instance": "",
            "network_border_group": "us-west-2",
            "network_interface": "eni-06e2b3ee2c450531b",
            "private_dns": "ip-10-0-1-133.us-west-2.compute.internal",
            "private_ip": "10.0.1.133",
            "public_dns": "ec2-35-95-210-198.us-west-2.compute.amazonaws.com",
            "public_ip": "35.95.210.198",
            "public_ipv4_pool": "amazon",
            "tags": {
              "Name": "-us-west-2a",
              "environment": "dev",
              "owner": "me@example.com",
              "project": "project-alpha"
            },
            "tags_all": {
              "Name": "-us-west-2a",
              "environment": "dev",
              "owner": "me@example.com",
              "project": "project-alpha"
            },
            "timeouts": null,
            "vpc": true
          },
          "sensitive_attributes": [],
          "private": "eyJlMmJmYjczMC1lY2FhLTExZTYtOGY4OC0zNDM2M2JjN2M0YzAiOnsiZGVsZXRlIjoxODAwMDAwMDAwMDAsInJlYWQiOjkwMDAwMDAwMDAwMCwidXBkYXRlIjozMDAwMDAwMDAwMDB9fQ==",
          "dependencies": [
            "data.aws_availability_zones.available",
            "module.vpc.aws_internet_gateway.this",
            "module.vpc.aws_vpc.this",
            "module.vpc.aws_vpc_ipv4_cidr_block_association.this"
          ]
        },
        {
          "index_key": 1,
          "schema_version": 0,
          "attributes": {
            "address": null,
            "allocation_id": "eipalloc-0fd8c97c2642b01f7",
            "associate_with_private_ip": null,
            "association_id": "eipassoc-0d41f8eadc9ab076d",
            "carrier_ip": "",
            "customer_owned_ip": "",
            "customer_owned_ipv4_pool": "",
            "domain": "vpc",
            "id": "eipalloc-0fd8c97c2642b01f7",
            "instance": "",
            "network_border_group": "us-west-2",
            "network_interface": "eni-0ed330962923ab8d5",
            "private_dns": "ip-10-0-2-147.us-west-2.compute.internal",
            "private_ip": "10.0.2.147",
            "public_dns": "ec2-54-218-175-60.us-west-2.compute.amazonaws.com",
            "public_ip": "54.218.175.60",
            "public_ipv4_pool": "amazon",
            "tags": {
              "Name": "-us-west-2b",
              "environment": "dev",
              "owner": "me@example.com",
              "project": "project-alpha"
            },
            "tags_all": {
              "Name": "-us-west-2b",
              "environment": "dev",
              "owner": "me@example.com",
              "project": "project-alpha"
            },
            "timeouts": null,
            "vpc": true
          },
          "sensitive_attributes": [],
          "private": "eyJlMmJmYjczMC1lY2FhLTExZTYtOGY4OC0zNDM2M2JjN2M0YzAiOnsiZGVsZXRlIjoxODAwMDAwMDAwMDAsInJlYWQiOjkwMDAwMDAwMDAwMCwidXBkYXRlIjozMDAwMDAwMDAwMDB9fQ==",
          "dependencies": [
            "data.aws_availability_zones.available",
            "module.vpc.aws_internet_gateway.this",
            "module.vpc.aws_vpc.this",
            "module.vpc.aws_vpc_ipv4_cidr_block_association.this"
          ]
        }
      ]
    },
    {
      "module": "module.vpc",
      "mode": "managed",
      "type": "aws_internet_gateway",
      "name": "this",
      "provider": "provider[\"registry.terraform.io/hashicorp/aws\"]",
      "instances": [
        {
          "index_key": 0,
          "schema_version": 0,
          "attributes": {
            "arn": "arn:aws:ec2:us-west-2:637423574315:internet-gateway/igw-07e41b82fb3babb44",
            "id": "igw-07e41b82fb3babb44",
            "owner_id": "637423574315",
            "tags": {
              "Name": "",
              "environment": "dev",
              "owner": "me@example.com",
              "project": "project-alpha"
            },
            "tags_all": {
              "Name": "",
              "environment": "dev",
              "owner": "me@example.com",
              "project": "project-alpha"
            },
            "timeouts": null,
            "vpc_id": "vpc-0ba38c6cfab35db24"
          },
          "sensitive_attributes": [],
          "private": "eyJlMmJmYjczMC1lY2FhLTExZTYtOGY4OC0zNDM2M2JjN2M0YzAiOnsiY3JlYXRlIjoxMjAwMDAwMDAwMDAwLCJkZWxldGUiOjEyMDAwMDAwMDAwMDAsInVwZGF0ZSI6MTIwMDAwMDAwMDAwMH19",
          "dependencies": [
            "module.vpc.aws_vpc.this",
            "module.vpc.aws_vpc_ipv4_cidr_block_association.this"
          ]
        }
      ]
    },
    {
      "module": "module.vpc",
      "mode": "managed",
      "type": "aws_nat_gateway",
      "name": "this",
      "provider": "provider[\"registry.terraform.io/hashicorp/aws\"]",
      "instances": [
        {
          "index_key": 0,
          "schema_version": 0,
          "attributes": {
            "allocation_id": "eipalloc-0626cc8f8cae92613",
            "association_id": "eipassoc-0856f1ab5d9bfae85",
            "connectivity_type": "public",
            "id": "nat-0b18964e38eb456f8",
            "network_interface_id": "eni-06e2b3ee2c450531b",
            "private_ip": "10.0.1.133",
            "public_ip": "35.95.210.198",
            "secondary_allocation_ids": [],
            "secondary_private_ip_address_count": 0,
            "secondary_private_ip_addresses": [],
            "subnet_id": "subnet-06cabc64a616e3808",
            "tags": {
              "Name": "-us-west-2a",
              "environment": "dev",
              "owner": "me@example.com",
              "project": "project-alpha"
            },
            "tags_all": {
              "Name": "-us-west-2a",
              "environment": "dev",
              "owner": "me@example.com",
              "project": "project-alpha"
            },
            "timeouts": null
          },
          "sensitive_attributes": [],
          "private": "eyJlMmJmYjczMC1lY2FhLTExZTYtOGY4OC0zNDM2M2JjN2M0YzAiOnsiY3JlYXRlIjo2MDAwMDAwMDAwMDAsImRlbGV0ZSI6MTgwMDAwMDAwMDAwMCwidXBkYXRlIjo2MDAwMDAwMDAwMDB9fQ==",
          "dependencies": [
            "data.aws_availability_zones.available",
            "module.vpc.aws_eip.nat",
            "module.vpc.aws_internet_gateway.this",
            "module.vpc.aws_subnet.public",
            "module.vpc.aws_vpc.this",
            "module.vpc.aws_vpc_ipv4_cidr_block_association.this"
          ]
        },
        {
          "index_key": 1,
          "schema_version": 0,
          "attributes": {
            "allocation_id": "eipalloc-0fd8c97c2642b01f7",
            "association_id": "eipassoc-0d41f8eadc9ab076d",
            "connectivity_type": "public",
            "id": "nat-0ccdd3264fd97d25e",
            "network_interface_id": "eni-0ed330962923ab8d5",
            "private_ip": "10.0.2.147",
            "public_ip": "54.218.175.60",
            "secondary_allocation_ids": [],
            "secondary_private_ip_address_count": 0,
            "secondary_private_ip_addresses": [],
            "subnet_id": "subnet-0002429defc5cd2df",
            "tags": {
              "Name": "-us-west-2b",
              "environment": "dev",
              "owner": "me@example.com",
              "project": "project-alpha"
            },
            "tags_all": {
              "Name": "-us-west-2b",
              "environment": "dev",
              "owner": "me@example.com",
              "project": "project-alpha"
            },
            "timeouts": null
          },
          "sensitive_attributes": [],
          "private": "eyJlMmJmYjczMC1lY2FhLTExZTYtOGY4OC0zNDM2M2JjN2M0YzAiOnsiY3JlYXRlIjo2MDAwMDAwMDAwMDAsImRlbGV0ZSI6MTgwMDAwMDAwMDAwMCwidXBkYXRlIjo2MDAwMDAwMDAwMDB9fQ==",
          "dependencies": [
            "data.aws_availability_zones.available",
            "module.vpc.aws_eip.nat",
            "module.vpc.aws_internet_gateway.this",
            "module.vpc.aws_subnet.public",
            "module.vpc.aws_vpc.this",
            "module.vpc.aws_vpc_ipv4_cidr_block_association.this"
          ]
        }
      ]
    },
    {
      "module": "module.vpc",
      "mode": "managed",
      "type": "aws_route",
      "name": "private_nat_gateway",
      "provider": "provider[\"registry.terraform.io/hashicorp/aws\"]",
      "instances": [
        {
          "index_key": 0,
          "schema_version": 0,
          "attributes": {
            "carrier_gateway_id": "",
            "core_network_arn": "",
            "destination_cidr_block": "0.0.0.0/0",
            "destination_ipv6_cidr_block": "",
            "destination_prefix_list_id": "",
            "egress_only_gateway_id": "",
            "gateway_id": "",
            "id": "r-rtb-08bb20ec64f6dd1501080289494",
            "instance_id": "",
            "instance_owner_id": "",
            "local_gateway_id": "",
            "nat_gateway_id": "nat-0b18964e38eb456f8",
            "network_interface_id": "",
            "origin": "CreateRoute",
            "route_table_id": "rtb-08bb20ec64f6dd150",
            "state": "active",
            "timeouts": {
              "create": "5m",
              "delete": null,
              "update": null
            },
            "transit_gateway_id": "",
            "vpc_endpoint_id": "",
            "vpc_peering_connection_id": ""
          },
          "sensitive_attributes": [],
          "private": "eyJlMmJmYjczMC1lY2FhLTExZTYtOGY4OC0zNDM2M2JjN2M0YzAiOnsiY3JlYXRlIjozMDAwMDAwMDAwMDAsImRlbGV0ZSI6MzAwMDAwMDAwMDAwLCJ1cGRhdGUiOjEyMDAwMDAwMDAwMH19",
          "dependencies": [
            "data.aws_availability_zones.available",
            "module.vpc.aws_eip.nat",
            "module.vpc.aws_internet_gateway.this",
            "module.vpc.aws_nat_gateway.this",
            "module.vpc.aws_route_table.private",
            "module.vpc.aws_subnet.public",
            "module.vpc.aws_vpc.this",
            "module.vpc.aws_vpc_ipv4_cidr_block_association.this"
          ]
        },
        {
          "index_key": 1,
          "schema_version": 0,
          "attributes": {
            "carrier_gateway_id": "",
            "core_network_arn": "",
            "destination_cidr_block": "0.0.0.0/0",
            "destination_ipv6_cidr_block": "",
            "destination_prefix_list_id": "",
            "egress_only_gateway_id": "",
            "gateway_id": "",
            "id": "r-rtb-00c05260009e4beac1080289494",
            "instance_id": "",
            "instance_owner_id": "",
            "local_gateway_id": "",
            "nat_gateway_id": "nat-0ccdd3264fd97d25e",
            "network_interface_id": "",
            "origin": "CreateRoute",
            "route_table_id": "rtb-00c05260009e4beac",
            "state": "active",
            "timeouts": {
              "create": "5m",
              "delete": null,
              "update": null
            },
            "transit_gateway_id": "",
            "vpc_endpoint_id": "",
            "vpc_peering_connection_id": ""
          },
          "sensitive_attributes": [],
          "private": "eyJlMmJmYjczMC1lY2FhLTExZTYtOGY4OC0zNDM2M2JjN2M0YzAiOnsiY3JlYXRlIjozMDAwMDAwMDAwMDAsImRlbGV0ZSI6MzAwMDAwMDAwMDAwLCJ1cGRhdGUiOjEyMDAwMDAwMDAwMH19",
          "dependencies": [
            "data.aws_availability_zones.available",
            "module.vpc.aws_eip.nat",
            "module.vpc.aws_internet_gateway.this",
            "module.vpc.aws_nat_gateway.this",
            "module.vpc.aws_route_table.private",
            "module.vpc.aws_subnet.public",
            "module.vpc.aws_vpc.this",
            "module.vpc.aws_vpc_ipv4_cidr_block_association.this"
          ]
        }
      ]
    },
    {
      "module": "module.vpc",
      "mode": "managed",
      "type": "aws_route",
      "name": "public_internet_gateway",
      "provider": "provider[\"registry.terraform.io/hashicorp/aws\"]",
      "instances": [
        {
          "index_key": 0,
          "schema_version": 0,
          "attributes": {
            "carrier_gateway_id": "",
            "core_network_arn": "",
            "destination_cidr_block": "0.0.0.0/0",
            "destination_ipv6_cidr_block": "",
            "destination_prefix_list_id": "",
            "egress_only_gateway_id": "",
            "gateway_id": "igw-07e41b82fb3babb44",
            "id": "r-rtb-018e4b7b5dfc35cb21080289494",
            "instance_id": "",
            "instance_owner_id": "",
            "local_gateway_id": "",
            "nat_gateway_id": "",
            "network_interface_id": "",
            "origin": "CreateRoute",
            "route_table_id": "rtb-018e4b7b5dfc35cb2",
            "state": "active",
            "timeouts": {
              "create": "5m",
              "delete": null,
              "update": null
            },
            "transit_gateway_id": "",
            "vpc_endpoint_id": "",
            "vpc_peering_connection_id": ""
          },
          "sensitive_attributes": [],
          "private": "eyJlMmJmYjczMC1lY2FhLTExZTYtOGY4OC0zNDM2M2JjN2M0YzAiOnsiY3JlYXRlIjozMDAwMDAwMDAwMDAsImRlbGV0ZSI6MzAwMDAwMDAwMDAwLCJ1cGRhdGUiOjEyMDAwMDAwMDAwMH19",
          "dependencies": [
            "module.vpc.aws_internet_gateway.this",
            "module.vpc.aws_route_table.public",
            "module.vpc.aws_vpc.this",
            "module.vpc.aws_vpc_ipv4_cidr_block_association.this"
          ]
        }
      ]
    },
    {
      "module": "module.vpc",
      "mode": "managed",
      "type": "aws_route_table",
      "name": "private",
      "provider": "provider[\"registry.terraform.io/hashicorp/aws\"]",
      "instances": [
        {
          "index_key": 0,
          "schema_version": 0,
          "attributes": {
            "arn": "arn:aws:ec2:us-west-2:637423574315:route-table/rtb-08bb20ec64f6dd150",
            "id": "rtb-08bb20ec64f6dd150",
            "owner_id": "637423574315",
            "propagating_vgws": [],
            "route": [
              {
                "carrier_gateway_id": "",
                "cidr_block": "0.0.0.0/0",
                "core_network_arn": "",
                "destination_prefix_list_id": "",
                "egress_only_gateway_id": "",
                "gateway_id": "",
                "ipv6_cidr_block": "",
                "local_gateway_id": "",
                "nat_gateway_id": "nat-0b18964e38eb456f8",
                "network_interface_id": "",
                "transit_gateway_id": "",
                "vpc_endpoint_id": "",
                "vpc_peering_connection_id": ""
              }
            ],
            "tags": {
              "Name": "-private-us-west-2a",
              "environment": "dev",
              "owner": "me@example.com",
              "project": "project-alpha"
            },
            "tags_all": {
              "Name": "-private-us-west-2a",
              "environment": "dev",
              "owner": "me@example.com",
              "project": "project-alpha"
            },
            "timeouts": null,
            "vpc_id": "vpc-0ba38c6cfab35db24"
          },
          "sensitive_attributes": [],
          "private": "eyJlMmJmYjczMC1lY2FhLTExZTYtOGY4OC0zNDM2M2JjN2M0YzAiOnsiY3JlYXRlIjozMDAwMDAwMDAwMDAsImRlbGV0ZSI6MzAwMDAwMDAwMDAwLCJ1cGRhdGUiOjEyMDAwMDAwMDAwMH19",
          "dependencies": [
            "data.aws_availability_zones.available",
            "module.vpc.aws_vpc.this",
            "module.vpc.aws_vpc_ipv4_cidr_block_association.this"
          ]
        },
        {
          "index_key": 1,
          "schema_version": 0,
          "attributes": {
            "arn": "arn:aws:ec2:us-west-2:637423574315:route-table/rtb-00c05260009e4beac",
            "id": "rtb-00c05260009e4beac",
            "owner_id": "637423574315",
            "propagating_vgws": [],
            "route": [
              {
                "carrier_gateway_id": "",
                "cidr_block": "0.0.0.0/0",
                "core_network_arn": "",
                "destination_prefix_list_id": "",
                "egress_only_gateway_id": "",
                "gateway_id": "",
                "ipv6_cidr_block": "",
                "local_gateway_id": "",
                "nat_gateway_id": "nat-0ccdd3264fd97d25e",
                "network_interface_id": "",
                "transit_gateway_id": "",
                "vpc_endpoint_id": "",
                "vpc_peering_connection_id": ""
              }
            ],
            "tags": {
              "Name": "-private-us-west-2b",
              "environment": "dev",
              "owner": "me@example.com",
              "project": "project-alpha"
            },
            "tags_all": {
              "Name": "-private-us-west-2b",
              "environment": "dev",
              "owner": "me@example.com",
              "project": "project-alpha"
            },
            "timeouts": null,
            "vpc_id": "vpc-0ba38c6cfab35db24"
          },
          "sensitive_attributes": [],
          "private": "eyJlMmJmYjczMC1lY2FhLTExZTYtOGY4OC0zNDM2M2JjN2M0YzAiOnsiY3JlYXRlIjozMDAwMDAwMDAwMDAsImRlbGV0ZSI6MzAwMDAwMDAwMDAwLCJ1cGRhdGUiOjEyMDAwMDAwMDAwMH19",
          "dependencies": [
            "data.aws_availability_zones.available",
            "module.vpc.aws_vpc.this",
            "module.vpc.aws_vpc_ipv4_cidr_block_association.this"
          ]
        }
      ]
    },
    {
      "module": "module.vpc",
      "mode": "managed",
      "type": "aws_route_table",
      "name": "public",
      "provider": "provider[\"registry.terraform.io/hashicorp/aws\"]",
      "instances": [
        {
          "index_key": 0,
          "schema_version": 0,
          "attributes": {
            "arn": "arn:aws:ec2:us-west-2:637423574315:route-table/rtb-018e4b7b5dfc35cb2",
            "id": "rtb-018e4b7b5dfc35cb2",
            "owner_id": "637423574315",
            "propagating_vgws": [],
            "route": [
              {
                "carrier_gateway_id": "",
                "cidr_block": "0.0.0.0/0",
                "core_network_arn": "",
                "destination_prefix_list_id": "",
                "egress_only_gateway_id": "",
                "gateway_id": "igw-07e41b82fb3babb44",
                "ipv6_cidr_block": "",
                "local_gateway_id": "",
                "nat_gateway_id": "",
                "network_interface_id": "",
                "transit_gateway_id": "",
                "vpc_endpoint_id": "",
                "vpc_peering_connection_id": ""
              }
            ],
            "tags": {
              "Name": "-public",
              "environment": "dev",
              "owner": "me@example.com",
              "project": "project-alpha"
            },
            "tags_all": {
              "Name": "-public",
              "environment": "dev",
              "owner": "me@example.com",
              "project": "project-alpha"
            },
            "timeouts": null,
            "vpc_id": "vpc-0ba38c6cfab35db24"
          },
          "sensitive_attributes": [],
          "private": "eyJlMmJmYjczMC1lY2FhLTExZTYtOGY4OC0zNDM2M2JjN2M0YzAiOnsiY3JlYXRlIjozMDAwMDAwMDAwMDAsImRlbGV0ZSI6MzAwMDAwMDAwMDAwLCJ1cGRhdGUiOjEyMDAwMDAwMDAwMH19",
          "dependencies": [
            "module.vpc.aws_vpc.this",
            "module.vpc.aws_vpc_ipv4_cidr_block_association.this"
          ]
        }
      ]
    },
    {
      "module": "module.vpc",
      "mode": "managed",
      "type": "aws_route_table_association",
      "name": "private",
      "provider": "provider[\"registry.terraform.io/hashicorp/aws\"]",
      "instances": [
        {
          "index_key": 0,
          "schema_version": 0,
          "attributes": {
            "gateway_id": "",
            "id": "rtbassoc-0f4dfddc2efdcca3c",
            "route_table_id": "rtb-08bb20ec64f6dd150",
            "subnet_id": "subnet-033c71e802ddedc36",
            "timeouts": null
          },
          "sensitive_attributes": [],
          "private": "eyJlMmJmYjczMC1lY2FhLTExZTYtOGY4OC0zNDM2M2JjN2M0YzAiOnsiY3JlYXRlIjozMDAwMDAwMDAwMDAsImRlbGV0ZSI6MzAwMDAwMDAwMDAwLCJ1cGRhdGUiOjEyMDAwMDAwMDAwMH19",
          "dependencies": [
            "data.aws_availability_zones.available",
            "module.vpc.aws_route_table.private",
            "module.vpc.aws_subnet.private",
            "module.vpc.aws_vpc.this",
            "module.vpc.aws_vpc_ipv4_cidr_block_association.this"
          ]
        },
        {
          "index_key": 1,
          "schema_version": 0,
          "attributes": {
            "gateway_id": "",
            "id": "rtbassoc-0d3935c8cbce5111a",
            "route_table_id": "rtb-00c05260009e4beac",
            "subnet_id": "subnet-0d85cb8075855c253",
            "timeouts": null
          },
          "sensitive_attributes": [],
          "private": "eyJlMmJmYjczMC1lY2FhLTExZTYtOGY4OC0zNDM2M2JjN2M0YzAiOnsiY3JlYXRlIjozMDAwMDAwMDAwMDAsImRlbGV0ZSI6MzAwMDAwMDAwMDAwLCJ1cGRhdGUiOjEyMDAwMDAwMDAwMH19",
          "dependencies": [
            "data.aws_availability_zones.available",
            "module.vpc.aws_route_table.private",
            "module.vpc.aws_subnet.private",
            "module.vpc.aws_vpc.this",
            "module.vpc.aws_vpc_ipv4_cidr_block_association.this"
          ]
        }
      ]
    },
    {
      "module": "module.vpc",
      "mode": "managed",
      "type": "aws_route_table_association",
      "name": "public",
      "provider": "provider[\"registry.terraform.io/hashicorp/aws\"]",
      "instances": [
        {
          "index_key": 0,
          "schema_version": 0,
          "attributes": {
            "gateway_id": "",
            "id": "rtbassoc-047c2330417979a28",
            "route_table_id": "rtb-018e4b7b5dfc35cb2",
            "subnet_id": "subnet-06cabc64a616e3808",
            "timeouts": null
          },
          "sensitive_attributes": [],
          "private": "eyJlMmJmYjczMC1lY2FhLTExZTYtOGY4OC0zNDM2M2JjN2M0YzAiOnsiY3JlYXRlIjozMDAwMDAwMDAwMDAsImRlbGV0ZSI6MzAwMDAwMDAwMDAwLCJ1cGRhdGUiOjEyMDAwMDAwMDAwMH19",
          "dependencies": [
            "data.aws_availability_zones.available",
            "module.vpc.aws_route_table.public",
            "module.vpc.aws_subnet.public",
            "module.vpc.aws_vpc.this",
            "module.vpc.aws_vpc_ipv4_cidr_block_association.this"
          ]
        },
        {
          "index_key": 1,
          "schema_version": 0,
          "attributes": {
            "gateway_id": "",
            "id": "rtbassoc-0a21a44ca3ffba572",
            "route_table_id": "rtb-018e4b7b5dfc35cb2",
            "subnet_id": "subnet-0002429defc5cd2df",
            "timeouts": null
          },
          "sensitive_attributes": [],
          "private": "eyJlMmJmYjczMC1lY2FhLTExZTYtOGY4OC0zNDM2M2JjN2M0YzAiOnsiY3JlYXRlIjozMDAwMDAwMDAwMDAsImRlbGV0ZSI6MzAwMDAwMDAwMDAwLCJ1cGRhdGUiOjEyMDAwMDAwMDAwMH19",
          "dependencies": [
            "data.aws_availability_zones.available",
            "module.vpc.aws_route_table.public",
            "module.vpc.aws_subnet.public",
            "module.vpc.aws_vpc.this",
            "module.vpc.aws_vpc_ipv4_cidr_block_association.this"
          ]
        }
      ]
    },
    {
      "module": "module.vpc",
      "mode": "managed",
      "type": "aws_subnet",
      "name": "private",
      "provider": "provider[\"registry.terraform.io/hashicorp/aws\"]",
      "instances": [
        {
          "index_key": 0,
          "schema_version": 1,
          "attributes": {
            "arn": "arn:aws:ec2:us-west-2:637423574315:subnet/subnet-033c71e802ddedc36",
            "assign_ipv6_address_on_creation": false,
            "availability_zone": "us-west-2a",
            "availability_zone_id": "usw2-az2",
            "cidr_block": "10.0.101.0/24",
            "customer_owned_ipv4_pool": "",
            "enable_dns64": false,
            "enable_lni_at_device_index": 0,
            "enable_resource_name_dns_a_record_on_launch": false,
            "enable_resource_name_dns_aaaa_record_on_launch": false,
            "id": "subnet-033c71e802ddedc36",
            "ipv6_cidr_block": "",
            "ipv6_cidr_block_association_id": "",
            "ipv6_native": false,
            "map_customer_owned_ip_on_launch": false,
            "map_public_ip_on_launch": false,
            "outpost_arn": "",
            "owner_id": "637423574315",
            "private_dns_hostname_type_on_launch": "ip-name",
            "tags": {
              "Name": "-private-us-west-2a",
              "environment": "dev",
              "owner": "me@example.com",
              "project": "project-alpha"
            },
            "tags_all": {
              "Name": "-private-us-west-2a",
              "environment": "dev",
              "owner": "me@example.com",
              "project": "project-alpha"
            },
            "timeouts": null,
            "vpc_id": "vpc-0ba38c6cfab35db24"
          },
          "sensitive_attributes": [],
          "private": "eyJlMmJmYjczMC1lY2FhLTExZTYtOGY4OC0zNDM2M2JjN2M0YzAiOnsiY3JlYXRlIjo2MDAwMDAwMDAwMDAsImRlbGV0ZSI6MTIwMDAwMDAwMDAwMH0sInNjaGVtYV92ZXJzaW9uIjoiMSJ9",
          "dependencies": [
            "data.aws_availability_zones.available",
            "module.vpc.aws_vpc.this",
            "module.vpc.aws_vpc_ipv4_cidr_block_association.this"
          ]
        },
        {
          "index_key": 1,
          "schema_version": 1,
          "attributes": {
            "arn": "arn:aws:ec2:us-west-2:637423574315:subnet/subnet-0d85cb8075855c253",
            "assign_ipv6_address_on_creation": false,
            "availability_zone": "us-west-2b",
            "availability_zone_id": "usw2-az1",
            "cidr_block": "10.0.102.0/24",
            "customer_owned_ipv4_pool": "",
            "enable_dns64": false,
            "enable_lni_at_device_index": 0,
            "enable_resource_name_dns_a_record_on_launch": false,
            "enable_resource_name_dns_aaaa_record_on_launch": false,
            "id": "subnet-0d85cb8075855c253",
            "ipv6_cidr_block": "",
            "ipv6_cidr_block_association_id": "",
            "ipv6_native": false,
            "map_customer_owned_ip_on_launch": false,
            "map_public_ip_on_launch": false,
            "outpost_arn": "",
            "owner_id": "637423574315",
            "private_dns_hostname_type_on_launch": "ip-name",
            "tags": {
              "Name": "-private-us-west-2b",
              "environment": "dev",
              "owner": "me@example.com",
              "project": "project-alpha"
            },
            "tags_all": {
              "Name": "-private-us-west-2b",
              "environment": "dev",
              "owner": "me@example.com",
              "project": "project-alpha"
            },
            "timeouts": null,
            "vpc_id": "vpc-0ba38c6cfab35db24"
          },
          "sensitive_attributes": [],
          "private": "eyJlMmJmYjczMC1lY2FhLTExZTYtOGY4OC0zNDM2M2JjN2M0YzAiOnsiY3JlYXRlIjo2MDAwMDAwMDAwMDAsImRlbGV0ZSI6MTIwMDAwMDAwMDAwMH0sInNjaGVtYV92ZXJzaW9uIjoiMSJ9",
          "dependencies": [
            "data.aws_availability_zones.available",
            "module.vpc.aws_vpc.this",
            "module.vpc.aws_vpc_ipv4_cidr_block_association.this"
          ]
        }
      ]
    },
    {
      "module": "module.vpc",
      "mode": "managed",
      "type": "aws_subnet",
      "name": "public",
      "provider": "provider[\"registry.terraform.io/hashicorp/aws\"]",
      "instances": [
        {
          "index_key": 0,
          "schema_version": 1,
          "attributes": {
            "arn": "arn:aws:ec2:us-west-2:637423574315:subnet/subnet-06cabc64a616e3808",
            "assign_ipv6_address_on_creation": false,
            "availability_zone": "us-west-2a",
            "availability_zone_id": "usw2-az2",
            "cidr_block": "10.0.1.0/24",
            "customer_owned_ipv4_pool": "",
            "enable_dns64": false,
            "enable_lni_at_device_index": 0,
            "enable_resource_name_dns_a_record_on_launch": false,
            "enable_resource_name_dns_aaaa_record_on_launch": false,
            "id": "subnet-06cabc64a616e3808",
            "ipv6_cidr_block": "",
            "ipv6_cidr_block_association_id": "",
            "ipv6_native": false,
            "map_customer_owned_ip_on_launch": false,
            "map_public_ip_on_launch": false,
            "outpost_arn": "",
            "owner_id": "637423574315",
            "private_dns_hostname_type_on_launch": "ip-name",
            "tags": {
              "Name": "-public-us-west-2a",
              "environment": "dev",
              "owner": "me@example.com",
              "project": "project-alpha"
            },
            "tags_all": {
              "Name": "-public-us-west-2a",
              "environment": "dev",
              "owner": "me@example.com",
              "project": "project-alpha"
            },
            "timeouts": null,
            "vpc_id": "vpc-0ba38c6cfab35db24"
          },
          "sensitive_attributes": [],
          "private": "eyJlMmJmYjczMC1lY2FhLTExZTYtOGY4OC0zNDM2M2JjN2M0YzAiOnsiY3JlYXRlIjo2MDAwMDAwMDAwMDAsImRlbGV0ZSI6MTIwMDAwMDAwMDAwMH0sInNjaGVtYV92ZXJzaW9uIjoiMSJ9",
          "dependencies": [
            "data.aws_availability_zones.available",
            "module.vpc.aws_vpc.this",
            "module.vpc.aws_vpc_ipv4_cidr_block_association.this"
          ]
        },
        {
          "index_key": 1,
          "schema_version": 1,
          "attributes": {
            "arn": "arn:aws:ec2:us-west-2:637423574315:subnet/subnet-0002429defc5cd2df",
            "assign_ipv6_address_on_creation": false,
            "availability_zone": "us-west-2b",
            "availability_zone_id": "usw2-az1",
            "cidr_block": "10.0.2.0/24",
            "customer_owned_ipv4_pool": "",
            "enable_dns64": false,
            "enable_lni_at_device_index": 0,
            "enable_resource_name_dns_a_record_on_launch": false,
            "enable_resource_name_dns_aaaa_record_on_launch": false,
            "id": "subnet-0002429defc5cd2df",
            "ipv6_cidr_block": "",
            "ipv6_cidr_block_association_id": "",
            "ipv6_native": false,
            "map_customer_owned_ip_on_launch": false,
            "map_public_ip_on_launch": false,
            "outpost_arn": "",
            "owner_id": "637423574315",
            "private_dns_hostname_type_on_launch": "ip-name",
            "tags": {
              "Name": "-public-us-west-2b",
              "environment": "dev",
              "owner": "me@example.com",
              "project": "project-alpha"
            },
            "tags_all": {
              "Name": "-public-us-west-2b",
              "environment": "dev",
              "owner": "me@example.com",
              "project": "project-alpha"
            },
            "timeouts": null,
            "vpc_id": "vpc-0ba38c6cfab35db24"
          },
          "sensitive_attributes": [],
          "private": "eyJlMmJmYjczMC1lY2FhLTExZTYtOGY4OC0zNDM2M2JjN2M0YzAiOnsiY3JlYXRlIjo2MDAwMDAwMDAwMDAsImRlbGV0ZSI6MTIwMDAwMDAwMDAwMH0sInNjaGVtYV92ZXJzaW9uIjoiMSJ9",
          "dependencies": [
            "data.aws_availability_zones.available",
            "module.vpc.aws_vpc.this",
            "module.vpc.aws_vpc_ipv4_cidr_block_association.this"
          ]
        }
      ]
    },
    {
      "module": "module.vpc",
      "mode": "managed",
      "type": "aws_vpc",
      "name": "this",
      "provider": "provider[\"registry.terraform.io/hashicorp/aws\"]",
      "instances": [
        {
          "index_key": 0,
          "schema_version": 1,
          "attributes": {
            "arn": "arn:aws:ec2:us-west-2:637423574315:vpc/vpc-0ba38c6cfab35db24",
            "assign_generated_ipv6_cidr_block": false,
            "cidr_block": "10.0.0.0/16",
            "default_network_acl_id": "acl-0b0d2b678f6f2a3a1",
            "default_route_table_id": "rtb-09c765558c18e579d",
            "default_security_group_id": "sg-02d08885f7a139a61",
            "dhcp_options_id": "dopt-0806f7662dc0f12a8",
            "enable_dns_hostnames": true,
            "enable_dns_support": true,
            "enable_network_address_usage_metrics": false,
            "id": "vpc-0ba38c6cfab35db24",
            "instance_tenancy": "default",
            "ipv4_ipam_pool_id": null,
            "ipv4_netmask_length": null,
            "ipv6_association_id": "",
            "ipv6_cidr_block": "",
            "ipv6_cidr_block_network_border_group": "",
            "ipv6_ipam_pool_id": "",
            "ipv6_netmask_length": 0,
            "main_route_table_id": "rtb-09c765558c18e579d",
            "owner_id": "637423574315",
            "tags": {
              "Name": "",
              "environment": "dev",
              "owner": "me@example.com",
              "project": "project-alpha"
            },
            "tags_all": {
              "Name": "",
              "environment": "dev",
              "owner": "me@example.com",
              "project": "project-alpha"
            }
          },
          "sensitive_attributes": [],
          "private": "eyJzY2hlbWFfdmVyc2lvbiI6IjEifQ=="
        }
      ]
    }
  ],
  "check_results": null
}
