{
  "format_version": "1.2",
  "terraform_version": "1.9.1",
  "variables": {
    "project_name": {
      "value": "terraform-apply"
    },
    "region": {
      "value": "us-east-1"
    }
  },
  "planned_values": {
    "outputs": {
      "bucket_name": {
        "sensitive": false,
        "type": "string",
        "value": "terraform-20240716141403157800000001"
      }
    },
    "root_module": {
      "resources": [
        {
          "address": "aws_instance.main[0]",
          "mode": "managed",
          "type": "aws_instance",
          "name": "main",
          "index": 0,
          "provider_name": "registry.terraform.io/hashicorp/aws",
          "schema_version": 1,
          "values": {
            "ami": "ami-055744c75048d8296",
            "arn": "arn:aws:ec2:us-east-1:637423574315:instance/i-0b6220b6bd359c9c6",
            "associate_public_ip_address": true,
            "availability_zone": "us-east-1c",
            "capacity_reservation_specification": [
              {
                "capacity_reservation_preference": "open",
                "capacity_reservation_target": []
              }
            ],
            "cpu_core_count": 1,
            "cpu_options": [
              {
                "amd_sev_snp": "",
                "core_count": 1,
                "threads_per_core": 1
              }
            ],
            "cpu_threads_per_core": 1,
            "credit_specification": [
              {
                "cpu_credits": "standard"
              }
            ],
            "disable_api_stop": false,
            "disable_api_termination": false,
            "ebs_block_device": [],
            "ebs_optimized": false,
            "enclave_options": [
              {
                "enabled": false
              }
            ],
            "ephemeral_block_device": [],
            "get_password_data": false,
            "hibernation": false,
            "host_id": "",
            "host_resource_group_arn": null,
            "iam_instance_profile": "",
            "id": "i-0b6220b6bd359c9c6",
            "instance_initiated_shutdown_behavior": "stop",
            "instance_lifecycle": "",
            "instance_market_options": [],
            "instance_state": "running",
            "instance_type": "t2.micro",
            "ipv6_address_count": 0,
            "ipv6_addresses": [],
            "key_name": "",
            "launch_template": [],
            "maintenance_options": [
              {
                "auto_recovery": "default"
              }
            ],
            "metadata_options": [
              {
                "http_endpoint": "enabled",
                "http_put_response_hop_limit": 1,
                "http_tokens": "optional",
                "instance_metadata_tags": "disabled"
              }
            ],
            "monitoring": false,
            "network_interface": [],
            "outpost_arn": "",
            "password_data": "",
            "placement_group": "",
            "placement_partition_number": 0,
            "primary_network_interface_id": "eni-02ac34eaea786eb31",
            "private_dns": "ip-172-31-18-85.ec2.internal",
            "private_dns_name_options": [
              {
                "enable_resource_name_dns_a_record": false,
                "enable_resource_name_dns_aaaa_record": false,
                "hostname_type": "ip-name"
              }
            ],
            "private_ip": "172.31.18.85",
            "public_dns": "ec2-54-242-175-34.compute-1.amazonaws.com",
            "public_ip": "54.242.175.34",
            "root_block_device": [
              {
                "delete_on_termination": true,
                "device_name": "/dev/sda1",
                "encrypted": false,
                "iops": 100,
                "kms_key_id": "",
                "tags": {},
                "throughput": 0,
                "volume_id": "vol-0878760eac6ff293d",
                "volume_size": 8,
                "volume_type": "gp2"
              }
            ],
            "secondary_private_ips": [],
            "security_groups": [
              "default"
            ],
            "source_dest_check": true,
            "spot_instance_request_id": "",
            "subnet_id": "subnet-018712951be4fa610",
            "tags": {
              "Name": "game-gecko-0",
              "Owner": "terraform-apply-tutorial"
            },
            "tags_all": {
              "Name": "game-gecko-0",
              "Owner": "terraform-apply-tutorial"
            },
            "tenancy": "default",
            "timeouts": null,
            "user_data": null,
            "user_data_base64": null,
            "user_data_replace_on_change": false,
            "volume_tags": null,
            "vpc_security_group_ids": [
              "sg-00d62db497d6c696b"
            ]
          },
          "sensitive_values": {
            "capacity_reservation_specification": [
              {
                "capacity_reservation_target": []
              }
            ],
            "cpu_options": [
              {}
            ],
            "credit_specification": [
              {}
            ],
            "ebs_block_device": [],
            "enclave_options": [
              {}
            ],
            "ephemeral_block_device": [],
            "instance_market_options": [],
            "ipv6_addresses": [],
            "launch_template": [],
            "maintenance_options": [
              {}
            ],
            "metadata_options": [
              {}
            ],
            "network_interface": [],
            "private_dns_name_options": [
              {}
            ],
            "root_block_device": [
              {
                "tags": {}
              }
            ],
            "secondary_private_ips": [],
            "security_groups": [
              false
            ],
            "tags": {},
            "tags_all": {},
            "vpc_security_group_ids": [
              false
            ]
          }
        },
        {
          "address": "aws_instance.main[1]",
          "mode": "managed",
          "type": "aws_instance",
          "name": "main",
          "index": 1,
          "provider_name": "registry.terraform.io/hashicorp/aws",
          "schema_version": 1,
          "values": {
            "ami": "ami-055744c75048d8296",
            "arn": "arn:aws:ec2:us-east-1:637423574315:instance/i-079ef2442254807dc",
            "associate_public_ip_address": true,
            "availability_zone": "us-east-1c",
            "capacity_reservation_specification": [
              {
                "capacity_reservation_preference": "open",
                "capacity_reservation_target": []
              }
            ],
            "cpu_core_count": 1,
            "cpu_options": [
              {
                "amd_sev_snp": "",
                "core_count": 1,
                "threads_per_core": 1
              }
            ],
            "cpu_threads_per_core": 1,
            "credit_specification": [
              {
                "cpu_credits": "standard"
              }
            ],
            "disable_api_stop": false,
            "disable_api_termination": false,
            "ebs_block_device": [],
            "ebs_optimized": false,
            "enclave_options": [
              {
                "enabled": false
              }
            ],
            "ephemeral_block_device": [],
            "get_password_data": false,
            "hibernation": false,
            "host_id": "",
            "host_resource_group_arn": null,
            "iam_instance_profile": "",
            "id": "i-079ef2442254807dc",
            "instance_initiated_shutdown_behavior": "stop",
            "instance_lifecycle": "",
            "instance_market_options": [],
            "instance_state": "running",
            "instance_type": "t2.micro",
            "ipv6_address_count": 0,
            "ipv6_addresses": [],
            "key_name": "",
            "launch_template": [],
            "maintenance_options": [
              {
                "auto_recovery": "default"
              }
            ],
            "metadata_options": [
              {
                "http_endpoint": "enabled",
                "http_put_response_hop_limit": 1,
                "http_tokens": "optional",
                "instance_metadata_tags": "disabled"
              }
            ],
            "monitoring": false,
            "network_interface": [],
            "outpost_arn": "",
            "password_data": "",
            "placement_group": "",
            "placement_partition_number": 0,
            "primary_network_interface_id": "eni-019d2d38b11bfe8af",
            "private_dns": "ip-172-31-29-214.ec2.internal",
            "private_dns_name_options": [
              {
                "enable_resource_name_dns_a_record": false,
                "enable_resource_name_dns_aaaa_record": false,
                "hostname_type": "ip-name"
              }
            ],
            "private_ip": "172.31.29.214",
            "public_dns": "ec2-50-19-184-132.compute-1.amazonaws.com",
            "public_ip": "50.19.184.132",
            "root_block_device": [
              {
                "delete_on_termination": true,
                "device_name": "/dev/sda1",
                "encrypted": false,
                "iops": 100,
                "kms_key_id": "",
                "tags": {},
                "throughput": 0,
                "volume_id": "vol-05e9918d2c75ce4d8",
                "volume_size": 8,
                "volume_type": "gp2"
              }
            ],
            "secondary_private_ips": [],
            "security_groups": [
              "default"
            ],
            "source_dest_check": true,
            "spot_instance_request_id": "",
            "subnet_id": "subnet-018712951be4fa610",
            "tags": {
              "Name": "game-gecko-1",
              "Owner": "terraform-apply-tutorial"
            },
            "tags_all": {
              "Name": "game-gecko-1",
              "Owner": "terraform-apply-tutorial"
            },
            "tenancy": "default",
            "timeouts": null,
            "user_data": null,
            "user_data_base64": null,
            "user_data_replace_on_change": false,
            "volume_tags": null,
            "vpc_security_group_ids": [
              "sg-00d62db497d6c696b"
            ]
          },
          "sensitive_values": {
            "capacity_reservation_specification": [
              {
                "capacity_reservation_target": []
              }
            ],
            "cpu_options": [
              {}
            ],
            "credit_specification": [
              {}
            ],
            "ebs_block_device": [],
            "enclave_options": [
              {}
            ],
            "ephemeral_block_device": [],
            "instance_market_options": [],
            "ipv6_addresses": [],
            "launch_template": [],
            "maintenance_options": [
              {}
            ],
            "metadata_options": [
              {}
            ],
            "network_interface": [],
            "private_dns_name_options": [
              {}
            ],
            "root_block_device": [
              {
                "tags": {}
              }
            ],
            "secondary_private_ips": [],
            "security_groups": [
              false
            ],
            "tags": {},
            "tags_all": {},
            "vpc_security_group_ids": [
              false
            ]
          }
        },
        {
          "address": "aws_instance.main[2]",
          "mode": "managed",
          "type": "aws_instance",
          "name": "main",
          "index": 2,
          "provider_name": "registry.terraform.io/hashicorp/aws",
          "schema_version": 1,
          "values": {
            "ami": "ami-055744c75048d8296",
            "arn": "arn:aws:ec2:us-east-1:637423574315:instance/i-0abbe549825786639",
            "associate_public_ip_address": true,
            "availability_zone": "us-east-1c",
            "capacity_reservation_specification": [
              {
                "capacity_reservation_preference": "open",
                "capacity_reservation_target": []
              }
            ],
            "cpu_core_count": 1,
            "cpu_options": [
              {
                "amd_sev_snp": "",
                "core_count": 1,
                "threads_per_core": 1
              }
            ],
            "cpu_threads_per_core": 1,
            "credit_specification": [
              {
                "cpu_credits": "standard"
              }
            ],
            "disable_api_stop": false,
            "disable_api_termination": false,
            "ebs_block_device": [],
            "ebs_optimized": false,
            "enclave_options": [
              {
                "enabled": false
              }
            ],
            "ephemeral_block_device": [],
            "get_password_data": false,
            "hibernation": false,
            "host_id": "",
            "host_resource_group_arn": null,
            "iam_instance_profile": "",
            "id": "i-0abbe549825786639",
            "instance_initiated_shutdown_behavior": "stop",
            "instance_lifecycle": "",
            "instance_market_options": [],
            "instance_state": "running",
            "instance_type": "t2.micro",
            "ipv6_address_count": 0,
            "ipv6_addresses": [],
            "key_name": "",
            "launch_template": [],
            "maintenance_options": [
              {
                "auto_recovery": "default"
              }
            ],
            "metadata_options": [
              {
                "http_endpoint": "enabled",
                "http_put_response_hop_limit": 1,
                "http_tokens": "optional",
                "instance_metadata_tags": "disabled"
              }
            ],
            "monitoring": false,
            "network_interface": [],
            "outpost_arn": "",
            "password_data": "",
            "placement_group": "",
            "placement_partition_number": 0,
            "primary_network_interface_id": "eni-0278b58d7730a02d4",
            "private_dns": "ip-172-31-30-48.ec2.internal",
            "private_dns_name_options": [
              {
                "enable_resource_name_dns_a_record": false,
                "enable_resource_name_dns_aaaa_record": false,
                "hostname_type": "ip-name"
              }
            ],
            "private_ip": "172.31.30.48",
            "public_dns": "ec2-3-80-39-247.compute-1.amazonaws.com",
            "public_ip": "3.80.39.247",
            "root_block_device": [
              {
                "delete_on_termination": true,
                "device_name": "/dev/sda1",
                "encrypted": false,
                "iops": 100,
                "kms_key_id": "",
                "tags": {},
                "throughput": 0,
                "volume_id": "vol-0beaf8e5e636756b9",
                "volume_size": 8,
                "volume_type": "gp2"
              }
            ],
            "secondary_private_ips": [],
            "security_groups": [
              "default"
            ],
            "source_dest_check": true,
            "spot_instance_request_id": "",
            "subnet_id": "subnet-018712951be4fa610",
            "tags": {
              "Name": "game-gecko-2",
              "Owner": "terraform-apply-tutorial"
            },
            "tags_all": {
              "Name": "game-gecko-2",
              "Owner": "terraform-apply-tutorial"
            },
            "tenancy": "default",
            "timeouts": null,
            "user_data": null,
            "user_data_base64": null,
            "user_data_replace_on_change": false,
            "volume_tags": null,
            "vpc_security_group_ids": [
              "sg-00d62db497d6c696b"
            ]
          },
          "sensitive_values": {
            "capacity_reservation_specification": [
              {
                "capacity_reservation_target": []
              }
            ],
            "cpu_options": [
              {}
            ],
            "credit_specification": [
              {}
            ],
            "ebs_block_device": [],
            "enclave_options": [
              {}
            ],
            "ephemeral_block_device": [],
            "instance_market_options": [],
            "ipv6_addresses": [],
            "launch_template": [],
            "maintenance_options": [
              {}
            ],
            "metadata_options": [
              {}
            ],
            "network_interface": [],
            "private_dns_name_options": [
              {}
            ],
            "root_block_device": [
              {
                "tags": {}
              }
            ],
            "secondary_private_ips": [],
            "security_groups": [
              false
            ],
            "tags": {},
            "tags_all": {},
            "vpc_security_group_ids": [
              false
            ]
          }
        },
        {
          "address": "aws_s3_bucket.example",
          "mode": "managed",
          "type": "aws_s3_bucket",
          "name": "example",
          "provider_name": "registry.terraform.io/hashicorp/aws",
          "schema_version": 0,
          "values": {
            "acceleration_status": "",
            "acl": null,
            "arn": "arn:aws:s3:::terraform-20240716141403157800000001",
            "bucket": "terraform-20240716141403157800000001",
            "bucket_domain_name": "terraform-20240716141403157800000001.s3.amazonaws.com",
            "bucket_prefix": "terraform-",
            "bucket_regional_domain_name": "terraform-20240716141403157800000001.s3.us-east-1.amazonaws.com",
            "cors_rule": [],
            "force_destroy": false,
            "grant": [
              {
                "id": "d9450f1eec5292a76f9da82c2c50189761dd41e3ed5531d93fbcb114d2841fc3",
                "permissions": [
                  "FULL_CONTROL"
                ],
                "type": "CanonicalUser",
                "uri": ""
              }
            ],
            "hosted_zone_id": "Z3AQBSTGFYJSTF",
            "id": "terraform-20240716141403157800000001",
            "lifecycle_rule": [],
            "logging": [],
            "object_lock_configuration": [],
            "object_lock_enabled": false,
            "policy": "",
            "region": "us-east-1",
            "replication_configuration": [],
            "request_payer": "BucketOwner",
            "server_side_encryption_configuration": [
              {
                "rule": [
                  {
                    "apply_server_side_encryption_by_default": [
                      {
                        "kms_master_key_id": "",
                        "sse_algorithm": "AES256"
                      }
                    ],
                    "bucket_key_enabled": false
                  }
                ]
              }
            ],
            "tags": {
              "Name": "Example Bucket",
              "Owner": "terraform-apply-tutorial"
            },
            "tags_all": {
              "Name": "Example Bucket",
              "Owner": "terraform-apply-tutorial"
            },
            "timeouts": null,
            "versioning": [
              {
                "enabled": false,
                "mfa_delete": false
              }
            ],
            "website": [],
            "website_domain": null,
            "website_endpoint": null
          },
          "sensitive_values": {
            "cors_rule": [],
            "grant": [
              {
                "permissions": [
                  false
                ]
              }
            ],
            "lifecycle_rule": [],
            "logging": [],
            "object_lock_configuration": [],
            "replication_configuration": [],
            "server_side_encryption_configuration": [
              {
                "rule": [
                  {
                    "apply_server_side_encryption_by_default": [
                      {}
                    ]
                  }
                ]
              }
            ],
            "tags": {},
            "tags_all": {},
            "versioning": [
              {}
            ],
            "website": []
          }
        },
        {
          "address": "aws_s3_object.example",
          "mode": "managed",
          "type": "aws_s3_object",
          "name": "example",
          "provider_name": "registry.terraform.io/hashicorp/aws",
          "schema_version": 0,
          "values": {
            "acl": null,
            "bucket": "terraform-20240716141403157800000001",
            "cache_control": null,
            "content": null,
            "content_base64": null,
            "content_disposition": null,
            "content_encoding": null,
            "content_language": null,
            "etag": "87729e4959c183dac2e9382a4d6819e6",
            "force_destroy": false,
            "key": "README.md",
            "metadata": null,
            "object_lock_legal_hold_status": null,
            "object_lock_mode": null,
            "object_lock_retain_until_date": null,
            "source": "./README.md",
            "source_hash": null,
            "tags": null,
            "website_redirect": null
          },
          "sensitive_values": {
            "tags_all": {}
          }
        },
        {
          "address": "random_pet.instance",
          "mode": "managed",
          "type": "random_pet",
          "name": "instance",
          "provider_name": "registry.terraform.io/hashicorp/random",
          "schema_version": 0,
          "values": {
            "id": "game-gecko",
            "keepers": null,
            "length": 2,
            "prefix": null,
            "separator": "-"
          },
          "sensitive_values": {}
        }
      ]
    }
  },
  "resource_changes": [
    {
      "address": "aws_instance.main[0]",
      "mode": "managed",
      "type": "aws_instance",
      "name": "main",
      "index": 0,
      "provider_name": "registry.terraform.io/hashicorp/aws",
      "change": {
        "actions": [
          "no-op"
        ],
        "before": {
          "ami": "ami-055744c75048d8296",
          "arn": "arn:aws:ec2:us-east-1:637423574315:instance/i-0b6220b6bd359c9c6",
          "associate_public_ip_address": true,
          "availability_zone": "us-east-1c",
          "capacity_reservation_specification": [
            {
              "capacity_reservation_preference": "open",
              "capacity_reservation_target": []
            }
          ],
          "cpu_core_count": 1,
          "cpu_options": [
            {
              "amd_sev_snp": "",
              "core_count": 1,
              "threads_per_core": 1
            }
          ],
          "cpu_threads_per_core": 1,
          "credit_specification": [
            {
              "cpu_credits": "standard"
            }
          ],
          "disable_api_stop": false,
          "disable_api_termination": false,
          "ebs_block_device": [],
          "ebs_optimized": false,
          "enclave_options": [
            {
              "enabled": false
            }
          ],
          "ephemeral_block_device": [],
          "get_password_data": false,
          "hibernation": false,
          "host_id": "",
          "host_resource_group_arn": null,
          "iam_instance_profile": "",
          "id": "i-0b6220b6bd359c9c6",
          "instance_initiated_shutdown_behavior": "stop",
          "instance_lifecycle": "",
          "instance_market_options": [],
          "instance_state": "running",
          "instance_type": "t2.micro",
          "ipv6_address_count": 0,
          "ipv6_addresses": [],
          "key_name": "",
          "launch_template": [],
          "maintenance_options": [
            {
              "auto_recovery": "default"
            }
          ],
          "metadata_options": [
            {
              "http_endpoint": "enabled",
              "http_put_response_hop_limit": 1,
              "http_tokens": "optional",
              "instance_metadata_tags": "disabled"
            }
          ],
          "monitoring": false,
          "network_interface": [],
          "outpost_arn": "",
          "password_data": "",
          "placement_group": "",
          "placement_partition_number": 0,
          "primary_network_interface_id": "eni-02ac34eaea786eb31",
          "private_dns": "ip-172-31-18-85.ec2.internal",
          "private_dns_name_options": [
            {
              "enable_resource_name_dns_a_record": false,
              "enable_resource_name_dns_aaaa_record": false,
              "hostname_type": "ip-name"
            }
          ],
          "private_ip": "172.31.18.85",
          "public_dns": "ec2-54-242-175-34.compute-1.amazonaws.com",
          "public_ip": "54.242.175.34",
          "root_block_device": [
            {
              "delete_on_termination": true,
              "device_name": "/dev/sda1",
              "encrypted": false,
              "iops": 100,
              "kms_key_id": "",
              "tags": {},
              "throughput": 0,
              "volume_id": "vol-0878760eac6ff293d",
              "volume_size": 8,
              "volume_type": "gp2"
            }
          ],
          "secondary_private_ips": [],
          "security_groups": [
            "default"
          ],
          "source_dest_check": true,
          "spot_instance_request_id": "",
          "subnet_id": "subnet-018712951be4fa610",
          "tags": {
            "Name": "game-gecko-0",
            "Owner": "terraform-apply-tutorial"
          },
          "tags_all": {
            "Name": "game-gecko-0",
            "Owner": "terraform-apply-tutorial"
          },
          "tenancy": "default",
          "timeouts": null,
          "user_data": null,
          "user_data_base64": null,
          "user_data_replace_on_change": false,
          "volume_tags": null,
          "vpc_security_group_ids": [
            "sg-00d62db497d6c696b"
          ]
        },
        "after": {
          "ami": "ami-055744c75048d8296",
          "arn": "arn:aws:ec2:us-east-1:637423574315:instance/i-0b6220b6bd359c9c6",
          "associate_public_ip_address": true,
          "availability_zone": "us-east-1c",
          "capacity_reservation_specification": [
            {
              "capacity_reservation_preference": "open",
              "capacity_reservation_target": []
            }
          ],
          "cpu_core_count": 1,
          "cpu_options": [
            {
              "amd_sev_snp": "",
              "core_count": 1,
              "threads_per_core": 1
            }
          ],
          "cpu_threads_per_core": 1,
          "credit_specification": [
            {
              "cpu_credits": "standard"
            }
          ],
          "disable_api_stop": false,
          "disable_api_termination": false,
          "ebs_block_device": [],
          "ebs_optimized": false,
          "enclave_options": [
            {
              "enabled": false
            }
          ],
          "ephemeral_block_device": [],
          "get_password_data": false,
          "hibernation": false,
          "host_id": "",
          "host_resource_group_arn": null,
          "iam_instance_profile": "",
          "id": "i-0b6220b6bd359c9c6",
          "instance_initiated_shutdown_behavior": "stop",
          "instance_lifecycle": "",
          "instance_market_options": [],
          "instance_state": "running",
          "instance_type": "t2.micro",
          "ipv6_address_count": 0,
          "ipv6_addresses": [],
          "key_name": "",
          "launch_template": [],
          "maintenance_options": [
            {
              "auto_recovery": "default"
            }
          ],
          "metadata_options": [
            {
              "http_endpoint": "enabled",
              "http_put_response_hop_limit": 1,
              "http_tokens": "optional",
              "instance_metadata_tags": "disabled"
            }
          ],
          "monitoring": false,
          "network_interface": [],
          "outpost_arn": "",
          "password_data": "",
          "placement_group": "",
          "placement_partition_number": 0,
          "primary_network_interface_id": "eni-02ac34eaea786eb31",
          "private_dns": "ip-172-31-18-85.ec2.internal",
          "private_dns_name_options": [
            {
              "enable_resource_name_dns_a_record": false,
              "enable_resource_name_dns_aaaa_record": false,
              "hostname_type": "ip-name"
            }
          ],
          "private_ip": "172.31.18.85",
          "public_dns": "ec2-54-242-175-34.compute-1.amazonaws.com",
          "public_ip": "54.242.175.34",
          "root_block_device": [
            {
              "delete_on_termination": true,
              "device_name": "/dev/sda1",
              "encrypted": false,
              "iops": 100,
              "kms_key_id": "",
              "tags": {},
              "throughput": 0,
              "volume_id": "vol-0878760eac6ff293d",
              "volume_size": 8,
              "volume_type": "gp2"
            }
          ],
          "secondary_private_ips": [],
          "security_groups": [
            "default"
          ],
          "source_dest_check": true,
          "spot_instance_request_id": "",
          "subnet_id": "subnet-018712951be4fa610",
          "tags": {
            "Name": "game-gecko-0",
            "Owner": "terraform-apply-tutorial"
          },
          "tags_all": {
            "Name": "game-gecko-0",
            "Owner": "terraform-apply-tutorial"
          },
          "tenancy": "default",
          "timeouts": null,
          "user_data": null,
          "user_data_base64": null,
          "user_data_replace_on_change": false,
          "volume_tags": null,
          "vpc_security_group_ids": [
            "sg-00d62db497d6c696b"
          ]
        },
        "after_unknown": {},
        "before_sensitive": {
          "capacity_reservation_specification": [
            {
              "capacity_reservation_target": []
            }
          ],
          "cpu_options": [
            {}
          ],
          "credit_specification": [
            {}
          ],
          "ebs_block_device": [],
          "enclave_options": [
            {}
          ],
          "ephemeral_block_device": [],
          "instance_market_options": [],
          "ipv6_addresses": [],
          "launch_template": [],
          "maintenance_options": [
            {}
          ],
          "metadata_options": [
            {}
          ],
          "network_interface": [],
          "private_dns_name_options": [
            {}
          ],
          "root_block_device": [
            {
              "tags": {}
            }
          ],
          "secondary_private_ips": [],
          "security_groups": [
            false
          ],
          "tags": {},
          "tags_all": {},
          "vpc_security_group_ids": [
            false
          ]
        },
        "after_sensitive": {
          "capacity_reservation_specification": [
            {
              "capacity_reservation_target": []
            }
          ],
          "cpu_options": [
            {}
          ],
          "credit_specification": [
            {}
          ],
          "ebs_block_device": [],
          "enclave_options": [
            {}
          ],
          "ephemeral_block_device": [],
          "instance_market_options": [],
          "ipv6_addresses": [],
          "launch_template": [],
          "maintenance_options": [
            {}
          ],
          "metadata_options": [
            {}
          ],
          "network_interface": [],
          "private_dns_name_options": [
            {}
          ],
          "root_block_device": [
            {
              "tags": {}
            }
          ],
          "secondary_private_ips": [],
          "security_groups": [
            false
          ],
          "tags": {},
          "tags_all": {},
          "vpc_security_group_ids": [
            false
          ]
        }
      }
    },
    {
      "address": "aws_instance.main[1]",
      "mode": "managed",
      "type": "aws_instance",
      "name": "main",
      "index": 1,
      "provider_name": "registry.terraform.io/hashicorp/aws",
      "change": {
        "actions": [
          "no-op"
        ],
        "before": {
          "ami": "ami-055744c75048d8296",
          "arn": "arn:aws:ec2:us-east-1:637423574315:instance/i-079ef2442254807dc",
          "associate_public_ip_address": true,
          "availability_zone": "us-east-1c",
          "capacity_reservation_specification": [
            {
              "capacity_reservation_preference": "open",
              "capacity_reservation_target": []
            }
          ],
          "cpu_core_count": 1,
          "cpu_options": [
            {
              "amd_sev_snp": "",
              "core_count": 1,
              "threads_per_core": 1
            }
          ],
          "cpu_threads_per_core": 1,
          "credit_specification": [
            {
              "cpu_credits": "standard"
            }
          ],
          "disable_api_stop": false,
          "disable_api_termination": false,
          "ebs_block_device": [],
          "ebs_optimized": false,
          "enclave_options": [
            {
              "enabled": false
            }
          ],
          "ephemeral_block_device": [],
          "get_password_data": false,
          "hibernation": false,
          "host_id": "",
          "host_resource_group_arn": null,
          "iam_instance_profile": "",
          "id": "i-079ef2442254807dc",
          "instance_initiated_shutdown_behavior": "stop",
          "instance_lifecycle": "",
          "instance_market_options": [],
          "instance_state": "running",
          "instance_type": "t2.micro",
          "ipv6_address_count": 0,
          "ipv6_addresses": [],
          "key_name": "",
          "launch_template": [],
          "maintenance_options": [
            {
              "auto_recovery": "default"
            }
          ],
          "metadata_options": [
            {
              "http_endpoint": "enabled",
              "http_put_response_hop_limit": 1,
              "http_tokens": "optional",
              "instance_metadata_tags": "disabled"
            }
          ],
          "monitoring": false,
          "network_interface": [],
          "outpost_arn": "",
          "password_data": "",
          "placement_group": "",
          "placement_partition_number": 0,
          "primary_network_interface_id": "eni-019d2d38b11bfe8af",
          "private_dns": "ip-172-31-29-214.ec2.internal",
          "private_dns_name_options": [
            {
              "enable_resource_name_dns_a_record": false,
              "enable_resource_name_dns_aaaa_record": false,
              "hostname_type": "ip-name"
            }
          ],
          "private_ip": "172.31.29.214",
          "public_dns": "ec2-50-19-184-132.compute-1.amazonaws.com",
          "public_ip": "50.19.184.132",
          "root_block_device": [
            {
              "delete_on_termination": true,
              "device_name": "/dev/sda1",
              "encrypted": false,
              "iops": 100,
              "kms_key_id": "",
              "tags": {},
              "throughput": 0,
              "volume_id": "vol-05e9918d2c75ce4d8",
              "volume_size": 8,
              "volume_type": "gp2"
            }
          ],
          "secondary_private_ips": [],
          "security_groups": [
            "default"
          ],
          "source_dest_check": true,
          "spot_instance_request_id": "",
          "subnet_id": "subnet-018712951be4fa610",
          "tags": {
            "Name": "game-gecko-1",
            "Owner": "terraform-apply-tutorial"
          },
          "tags_all": {
            "Name": "game-gecko-1",
            "Owner": "terraform-apply-tutorial"
          },
          "tenancy": "default",
          "timeouts": null,
          "user_data": null,
          "user_data_base64": null,
          "user_data_replace_on_change": false,
          "volume_tags": null,
          "vpc_security_group_ids": [
            "sg-00d62db497d6c696b"
          ]
        },
        "after": {
          "ami": "ami-055744c75048d8296",
          "arn": "arn:aws:ec2:us-east-1:637423574315:instance/i-079ef2442254807dc",
          "associate_public_ip_address": true,
          "availability_zone": "us-east-1c",
          "capacity_reservation_specification": [
            {
              "capacity_reservation_preference": "open",
              "capacity_reservation_target": []
            }
          ],
          "cpu_core_count": 1,
          "cpu_options": [
            {
              "amd_sev_snp": "",
              "core_count": 1,
              "threads_per_core": 1
            }
          ],
          "cpu_threads_per_core": 1,
          "credit_specification": [
            {
              "cpu_credits": "standard"
            }
          ],
          "disable_api_stop": false,
          "disable_api_termination": false,
          "ebs_block_device": [],
          "ebs_optimized": false,
          "enclave_options": [
            {
              "enabled": false
            }
          ],
          "ephemeral_block_device": [],
          "get_password_data": false,
          "hibernation": false,
          "host_id": "",
          "host_resource_group_arn": null,
          "iam_instance_profile": "",
          "id": "i-079ef2442254807dc",
          "instance_initiated_shutdown_behavior": "stop",
          "instance_lifecycle": "",
          "instance_market_options": [],
          "instance_state": "running",
          "instance_type": "t2.micro",
          "ipv6_address_count": 0,
          "ipv6_addresses": [],
          "key_name": "",
          "launch_template": [],
          "maintenance_options": [
            {
              "auto_recovery": "default"
            }
          ],
          "metadata_options": [
            {
              "http_endpoint": "enabled",
              "http_put_response_hop_limit": 1,
              "http_tokens": "optional",
              "instance_metadata_tags": "disabled"
            }
          ],
          "monitoring": false,
          "network_interface": [],
          "outpost_arn": "",
          "password_data": "",
          "placement_group": "",
          "placement_partition_number": 0,
          "primary_network_interface_id": "eni-019d2d38b11bfe8af",
          "private_dns": "ip-172-31-29-214.ec2.internal",
          "private_dns_name_options": [
            {
              "enable_resource_name_dns_a_record": false,
              "enable_resource_name_dns_aaaa_record": false,
              "hostname_type": "ip-name"
            }
          ],
          "private_ip": "172.31.29.214",
          "public_dns": "ec2-50-19-184-132.compute-1.amazonaws.com",
          "public_ip": "50.19.184.132",
          "root_block_device": [
            {
              "delete_on_termination": true,
              "device_name": "/dev/sda1",
              "encrypted": false,
              "iops": 100,
              "kms_key_id": "",
              "tags": {},
              "throughput": 0,
              "volume_id": "vol-05e9918d2c75ce4d8",
              "volume_size": 8,
              "volume_type": "gp2"
            }
          ],
          "secondary_private_ips": [],
          "security_groups": [
            "default"
          ],
          "source_dest_check": true,
          "spot_instance_request_id": "",
          "subnet_id": "subnet-018712951be4fa610",
          "tags": {
            "Name": "game-gecko-1",
            "Owner": "terraform-apply-tutorial"
          },
          "tags_all": {
            "Name": "game-gecko-1",
            "Owner": "terraform-apply-tutorial"
          },
          "tenancy": "default",
          "timeouts": null,
          "user_data": null,
          "user_data_base64": null,
          "user_data_replace_on_change": false,
          "volume_tags": null,
          "vpc_security_group_ids": [
            "sg-00d62db497d6c696b"
          ]
        },
        "after_unknown": {},
        "before_sensitive": {
          "capacity_reservation_specification": [
            {
              "capacity_reservation_target": []
            }
          ],
          "cpu_options": [
            {}
          ],
          "credit_specification": [
            {}
          ],
          "ebs_block_device": [],
          "enclave_options": [
            {}
          ],
          "ephemeral_block_device": [],
          "instance_market_options": [],
          "ipv6_addresses": [],
          "launch_template": [],
          "maintenance_options": [
            {}
          ],
          "metadata_options": [
            {}
          ],
          "network_interface": [],
          "private_dns_name_options": [
            {}
          ],
          "root_block_device": [
            {
              "tags": {}
            }
          ],
          "secondary_private_ips": [],
          "security_groups": [
            false
          ],
          "tags": {},
          "tags_all": {},
          "vpc_security_group_ids": [
            false
          ]
        },
        "after_sensitive": {
          "capacity_reservation_specification": [
            {
              "capacity_reservation_target": []
            }
          ],
          "cpu_options": [
            {}
          ],
          "credit_specification": [
            {}
          ],
          "ebs_block_device": [],
          "enclave_options": [
            {}
          ],
          "ephemeral_block_device": [],
          "instance_market_options": [],
          "ipv6_addresses": [],
          "launch_template": [],
          "maintenance_options": [
            {}
          ],
          "metadata_options": [
            {}
          ],
          "network_interface": [],
          "private_dns_name_options": [
            {}
          ],
          "root_block_device": [
            {
              "tags": {}
            }
          ],
          "secondary_private_ips": [],
          "security_groups": [
            false
          ],
          "tags": {},
          "tags_all": {},
          "vpc_security_group_ids": [
            false
          ]
        }
      }
    },
    {
      "address": "aws_instance.main[2]",
      "mode": "managed",
      "type": "aws_instance",
      "name": "main",
      "index": 2,
      "provider_name": "registry.terraform.io/hashicorp/aws",
      "change": {
        "actions": [
          "no-op"
        ],
        "before": {
          "ami": "ami-055744c75048d8296",
          "arn": "arn:aws:ec2:us-east-1:637423574315:instance/i-0abbe549825786639",
          "associate_public_ip_address": true,
          "availability_zone": "us-east-1c",
          "capacity_reservation_specification": [
            {
              "capacity_reservation_preference": "open",
              "capacity_reservation_target": []
            }
          ],
          "cpu_core_count": 1,
          "cpu_options": [
            {
              "amd_sev_snp": "",
              "core_count": 1,
              "threads_per_core": 1
            }
          ],
          "cpu_threads_per_core": 1,
          "credit_specification": [
            {
              "cpu_credits": "standard"
            }
          ],
          "disable_api_stop": false,
          "disable_api_termination": false,
          "ebs_block_device": [],
          "ebs_optimized": false,
          "enclave_options": [
            {
              "enabled": false
            }
          ],
          "ephemeral_block_device": [],
          "get_password_data": false,
          "hibernation": false,
          "host_id": "",
          "host_resource_group_arn": null,
          "iam_instance_profile": "",
          "id": "i-0abbe549825786639",
          "instance_initiated_shutdown_behavior": "stop",
          "instance_lifecycle": "",
          "instance_market_options": [],
          "instance_state": "running",
          "instance_type": "t2.micro",
          "ipv6_address_count": 0,
          "ipv6_addresses": [],
          "key_name": "",
          "launch_template": [],
          "maintenance_options": [
            {
              "auto_recovery": "default"
            }
          ],
          "metadata_options": [
            {
              "http_endpoint": "enabled",
              "http_put_response_hop_limit": 1,
              "http_tokens": "optional",
              "instance_metadata_tags": "disabled"
            }
          ],
          "monitoring": false,
          "network_interface": [],
          "outpost_arn": "",
          "password_data": "",
          "placement_group": "",
          "placement_partition_number": 0,
          "primary_network_interface_id": "eni-0278b58d7730a02d4",
          "private_dns": "ip-172-31-30-48.ec2.internal",
          "private_dns_name_options": [
            {
              "enable_resource_name_dns_a_record": false,
              "enable_resource_name_dns_aaaa_record": false,
              "hostname_type": "ip-name"
            }
          ],
          "private_ip": "172.31.30.48",
          "public_dns": "ec2-3-80-39-247.compute-1.amazonaws.com",
          "public_ip": "3.80.39.247",
          "root_block_device": [
            {
              "delete_on_termination": true,
              "device_name": "/dev/sda1",
              "encrypted": false,
              "iops": 100,
              "kms_key_id": "",
              "tags": {},
              "throughput": 0,
              "volume_id": "vol-0beaf8e5e636756b9",
              "volume_size": 8,
              "volume_type": "gp2"
            }
          ],
          "secondary_private_ips": [],
          "security_groups": [
            "default"
          ],
          "source_dest_check": true,
          "spot_instance_request_id": "",
          "subnet_id": "subnet-018712951be4fa610",
          "tags": {
            "Name": "game-gecko-2",
            "Owner": "terraform-apply-tutorial"
          },
          "tags_all": {
            "Name": "game-gecko-2",
            "Owner": "terraform-apply-tutorial"
          },
          "tenancy": "default",
          "timeouts": null,
          "user_data": null,
          "user_data_base64": null,
          "user_data_replace_on_change": false,
          "volume_tags": null,
          "vpc_security_group_ids": [
            "sg-00d62db497d6c696b"
          ]
        },
        "after": {
          "ami": "ami-055744c75048d8296",
          "arn": "arn:aws:ec2:us-east-1:637423574315:instance/i-0abbe549825786639",
          "associate_public_ip_address": true,
          "availability_zone": "us-east-1c",
          "capacity_reservation_specification": [
            {
              "capacity_reservation_preference": "open",
              "capacity_reservation_target": []
            }
          ],
          "cpu_core_count": 1,
          "cpu_options": [
            {
              "amd_sev_snp": "",
              "core_count": 1,
              "threads_per_core": 1
            }
          ],
          "cpu_threads_per_core": 1,
          "credit_specification": [
            {
              "cpu_credits": "standard"
            }
          ],
          "disable_api_stop": false,
          "disable_api_termination": false,
          "ebs_block_device": [],
          "ebs_optimized": false,
          "enclave_options": [
            {
              "enabled": false
            }
          ],
          "ephemeral_block_device": [],
          "get_password_data": false,
          "hibernation": false,
          "host_id": "",
          "host_resource_group_arn": null,
          "iam_instance_profile": "",
          "id": "i-0abbe549825786639",
          "instance_initiated_shutdown_behavior": "stop",
          "instance_lifecycle": "",
          "instance_market_options": [],
          "instance_state": "running",
          "instance_type": "t2.micro",
          "ipv6_address_count": 0,
          "ipv6_addresses": [],
          "key_name": "",
          "launch_template": [],
          "maintenance_options": [
            {
              "auto_recovery": "default"
            }
          ],
          "metadata_options": [
            {
              "http_endpoint": "enabled",
              "http_put_response_hop_limit": 1,
              "http_tokens": "optional",
              "instance_metadata_tags": "disabled"
            }
          ],
          "monitoring": false,
          "network_interface": [],
          "outpost_arn": "",
          "password_data": "",
          "placement_group": "",
          "placement_partition_number": 0,
          "primary_network_interface_id": "eni-0278b58d7730a02d4",
          "private_dns": "ip-172-31-30-48.ec2.internal",
          "private_dns_name_options": [
            {
              "enable_resource_name_dns_a_record": false,
              "enable_resource_name_dns_aaaa_record": false,
              "hostname_type": "ip-name"
            }
          ],
          "private_ip": "172.31.30.48",
          "public_dns": "ec2-3-80-39-247.compute-1.amazonaws.com",
          "public_ip": "3.80.39.247",
          "root_block_device": [
            {
              "delete_on_termination": true,
              "device_name": "/dev/sda1",
              "encrypted": false,
              "iops": 100,
              "kms_key_id": "",
              "tags": {},
              "throughput": 0,
              "volume_id": "vol-0beaf8e5e636756b9",
              "volume_size": 8,
              "volume_type": "gp2"
            }
          ],
          "secondary_private_ips": [],
          "security_groups": [
            "default"
          ],
          "source_dest_check": true,
          "spot_instance_request_id": "",
          "subnet_id": "subnet-018712951be4fa610",
          "tags": {
            "Name": "game-gecko-2",
            "Owner": "terraform-apply-tutorial"
          },
          "tags_all": {
            "Name": "game-gecko-2",
            "Owner": "terraform-apply-tutorial"
          },
          "tenancy": "default",
          "timeouts": null,
          "user_data": null,
          "user_data_base64": null,
          "user_data_replace_on_change": false,
          "volume_tags": null,
          "vpc_security_group_ids": [
            "sg-00d62db497d6c696b"
          ]
        },
        "after_unknown": {},
        "before_sensitive": {
          "capacity_reservation_specification": [
            {
              "capacity_reservation_target": []
            }
          ],
          "cpu_options": [
            {}
          ],
          "credit_specification": [
            {}
          ],
          "ebs_block_device": [],
          "enclave_options": [
            {}
          ],
          "ephemeral_block_device": [],
          "instance_market_options": [],
          "ipv6_addresses": [],
          "launch_template": [],
          "maintenance_options": [
            {}
          ],
          "metadata_options": [
            {}
          ],
          "network_interface": [],
          "private_dns_name_options": [
            {}
          ],
          "root_block_device": [
            {
              "tags": {}
            }
          ],
          "secondary_private_ips": [],
          "security_groups": [
            false
          ],
          "tags": {},
          "tags_all": {},
          "vpc_security_group_ids": [
            false
          ]
        },
        "after_sensitive": {
          "capacity_reservation_specification": [
            {
              "capacity_reservation_target": []
            }
          ],
          "cpu_options": [
            {}
          ],
          "credit_specification": [
            {}
          ],
          "ebs_block_device": [],
          "enclave_options": [
            {}
          ],
          "ephemeral_block_device": [],
          "instance_market_options": [],
          "ipv6_addresses": [],
          "launch_template": [],
          "maintenance_options": [
            {}
          ],
          "metadata_options": [
            {}
          ],
          "network_interface": [],
          "private_dns_name_options": [
            {}
          ],
          "root_block_device": [
            {
              "tags": {}
            }
          ],
          "secondary_private_ips": [],
          "security_groups": [
            false
          ],
          "tags": {},
          "tags_all": {},
          "vpc_security_group_ids": [
            false
          ]
        }
      }
    },
    {
      "address": "aws_s3_bucket.example",
      "mode": "managed",
      "type": "aws_s3_bucket",
      "name": "example",
      "provider_name": "registry.terraform.io/hashicorp/aws",
      "change": {
        "actions": [
          "no-op"
        ],
        "before": {
          "acceleration_status": "",
          "acl": null,
          "arn": "arn:aws:s3:::terraform-20240716141403157800000001",
          "bucket": "terraform-20240716141403157800000001",
          "bucket_domain_name": "terraform-20240716141403157800000001.s3.amazonaws.com",
          "bucket_prefix": "terraform-",
          "bucket_regional_domain_name": "terraform-20240716141403157800000001.s3.us-east-1.amazonaws.com",
          "cors_rule": [],
          "force_destroy": false,
          "grant": [
            {
              "id": "d9450f1eec5292a76f9da82c2c50189761dd41e3ed5531d93fbcb114d2841fc3",
              "permissions": [
                "FULL_CONTROL"
              ],
              "type": "CanonicalUser",
              "uri": ""
            }
          ],
          "hosted_zone_id": "Z3AQBSTGFYJSTF",
          "id": "terraform-20240716141403157800000001",
          "lifecycle_rule": [],
          "logging": [],
          "object_lock_configuration": [],
          "object_lock_enabled": false,
          "policy": "",
          "region": "us-east-1",
          "replication_configuration": [],
          "request_payer": "BucketOwner",
          "server_side_encryption_configuration": [
            {
              "rule": [
                {
                  "apply_server_side_encryption_by_default": [
                    {
                      "kms_master_key_id": "",
                      "sse_algorithm": "AES256"
                    }
                  ],
                  "bucket_key_enabled": false
                }
              ]
            }
          ],
          "tags": {
            "Name": "Example Bucket",
            "Owner": "terraform-apply-tutorial"
          },
          "tags_all": {
            "Name": "Example Bucket",
            "Owner": "terraform-apply-tutorial"
          },
          "timeouts": null,
          "versioning": [
            {
              "enabled": false,
              "mfa_delete": false
            }
          ],
          "website": [],
          "website_domain": null,
          "website_endpoint": null
        },
        "after": {
          "acceleration_status": "",
          "acl": null,
          "arn": "arn:aws:s3:::terraform-20240716141403157800000001",
          "bucket": "terraform-20240716141403157800000001",
          "bucket_domain_name": "terraform-20240716141403157800000001.s3.amazonaws.com",
          "bucket_prefix": "terraform-",
          "bucket_regional_domain_name": "terraform-20240716141403157800000001.s3.us-east-1.amazonaws.com",
          "cors_rule": [],
          "force_destroy": false,
          "grant": [
            {
              "id": "d9450f1eec5292a76f9da82c2c50189761dd41e3ed5531d93fbcb114d2841fc3",
              "permissions": [
                "FULL_CONTROL"
              ],
              "type": "CanonicalUser",
              "uri": ""
            }
          ],
          "hosted_zone_id": "Z3AQBSTGFYJSTF",
          "id": "terraform-20240716141403157800000001",
          "lifecycle_rule": [],
          "logging": [],
          "object_lock_configuration": [],
          "object_lock_enabled": false,
          "policy": "",
          "region": "us-east-1",
          "replication_configuration": [],
          "request_payer": "BucketOwner",
          "server_side_encryption_configuration": [
            {
              "rule": [
                {
                  "apply_server_side_encryption_by_default": [
                    {
                      "kms_master_key_id": "",
                      "sse_algorithm": "AES256"
                    }
                  ],
                  "bucket_key_enabled": false
                }
              ]
            }
          ],
          "tags": {
            "Name": "Example Bucket",
            "Owner": "terraform-apply-tutorial"
          },
          "tags_all": {
            "Name": "Example Bucket",
            "Owner": "terraform-apply-tutorial"
          },
          "timeouts": null,
          "versioning": [
            {
              "enabled": false,
              "mfa_delete": false
            }
          ],
          "website": [],
          "website_domain": null,
          "website_endpoint": null
        },
        "after_unknown": {},
        "before_sensitive": {
          "cors_rule": [],
          "grant": [
            {
              "permissions": [
                false
              ]
            }
          ],
          "lifecycle_rule": [],
          "logging": [],
          "object_lock_configuration": [],
          "replication_configuration": [],
          "server_side_encryption_configuration": [
            {
              "rule": [
                {
                  "apply_server_side_encryption_by_default": [
                    {}
                  ]
                }
              ]
            }
          ],
          "tags": {},
          "tags_all": {},
          "versioning": [
            {}
          ],
          "website": []
        },
        "after_sensitive": {
          "cors_rule": [],
          "grant": [
            {
              "permissions": [
                false
              ]
            }
          ],
          "lifecycle_rule": [],
          "logging": [],
          "object_lock_configuration": [],
          "replication_configuration": [],
          "server_side_encryption_configuration": [
            {
              "rule": [
                {
                  "apply_server_side_encryption_by_default": [
                    {}
                  ]
                }
              ]
            }
          ],
          "tags": {},
          "tags_all": {},
          "versioning": [
            {}
          ],
          "website": []
        }
      }
    },
    {
      "address": "aws_s3_object.example",
      "mode": "managed",
      "type": "aws_s3_object",
      "name": "example",
      "provider_name": "registry.terraform.io/hashicorp/aws",
      "change": {
        "actions": [
          "create"
        ],
        "before": null,
        "after": {
          "acl": null,
          "bucket": "terraform-20240716141403157800000001",
          "cache_control": null,
          "content": null,
          "content_base64": null,
          "content_disposition": null,
          "content_encoding": null,
          "content_language": null,
          "etag": "87729e4959c183dac2e9382a4d6819e6",
          "force_destroy": false,
          "key": "README.md",
          "metadata": null,
          "object_lock_legal_hold_status": null,
          "object_lock_mode": null,
          "object_lock_retain_until_date": null,
          "source": "./README.md",
          "source_hash": null,
          "tags": null,
          "website_redirect": null
        },
        "after_unknown": {
          "bucket_key_enabled": true,
          "content_type": true,
          "id": true,
          "kms_key_id": true,
          "server_side_encryption": true,
          "storage_class": true,
          "tags_all": true,
          "version_id": true
        },
        "before_sensitive": false,
        "after_sensitive": {
          "tags_all": {}
        }
      }
    },
    {
      "address": "random_pet.instance",
      "mode": "managed",
      "type": "random_pet",
      "name": "instance",
      "provider_name": "registry.terraform.io/hashicorp/random",
      "change": {
        "actions": [
          "no-op"
        ],
        "before": {
          "id": "game-gecko",
          "keepers": null,
          "length": 2,
          "prefix": null,
          "separator": "-"
        },
        "after": {
          "id": "game-gecko",
          "keepers": null,
          "length": 2,
          "prefix": null,
          "separator": "-"
        },
        "after_unknown": {},
        "before_sensitive": {},
        "after_sensitive": {}
      }
    }
  ],
  "output_changes": {
    "bucket_name": {
      "actions": [
        "no-op"
      ],
      "before": "terraform-20240716141403157800000001",
      "after": "terraform-20240716141403157800000001",
      "after_unknown": false,
      "before_sensitive": false,
      "after_sensitive": false
    }
  },
  "prior_state": {
    "format_version": "1.0",
    "terraform_version": "1.9.1",
    "values": {
      "outputs": {
        "bucket_name": {
          "sensitive": false,
          "value": "terraform-20240716141403157800000001",
          "type": "string"
        }
      },
      "root_module": {
        "resources": [
          {
            "address": "data.aws_ami.ubuntu",
            "mode": "data",
            "type": "aws_ami",
            "name": "ubuntu",
            "provider_name": "registry.terraform.io/hashicorp/aws",
            "schema_version": 0,
            "values": {
              "architecture": "x86_64",
              "arn": "arn:aws:ec2:us-east-1::image/ami-055744c75048d8296",
              "block_device_mappings": [
                {
                  "device_name": "/dev/sda1",
                  "ebs": {
                    "delete_on_termination": "true",
                    "encrypted": "false",
                    "iops": "0",
                    "snapshot_id": "snap-0a03cace5a5d32a40",
                    "throughput": "0",
                    "volume_size": "8",
                    "volume_type": "gp2"
                  },
                  "no_device": "",
                  "virtual_name": ""
                },
                {
                  "device_name": "/dev/sdb",
                  "ebs": {},
                  "no_device": "",
                  "virtual_name": "ephemeral0"
                },
                {
                  "device_name": "/dev/sdc",
                  "ebs": {},
                  "no_device": "",
                  "virtual_name": "ephemeral1"
                }
              ],
              "boot_mode": "legacy-bios",
              "creation_date": "2023-05-31T17:00:13.000Z",
              "deprecation_time": "2025-05-31T17:00:13.000Z",
              "description": "Canonical, Ubuntu, 18.04 LTS, amd64 bionic image build on 2023-05-31",
              "ena_support": true,
              "executable_users": null,
              "filter": [
                {
                  "name": "name",
                  "values": [
                    "ubuntu/images/hvm-ssd/ubuntu-bionic-18.04-amd64-server-*"
                  ]
                },
                {
                  "name": "virtualization-type",
                  "values": [
                    "hvm"
                  ]
                }
              ],
              "hypervisor": "xen",
              "id": "ami-055744c75048d8296",
              "image_id": "ami-055744c75048d8296",
              "image_location": "amazon/ubuntu/images/hvm-ssd/ubuntu-bionic-18.04-amd64-server-20230531",
              "image_owner_alias": "amazon",
              "image_type": "machine",
              "imds_support": "",
              "include_deprecated": false,
              "kernel_id": "",
              "most_recent": true,
              "name": "ubuntu/images/hvm-ssd/ubuntu-bionic-18.04-amd64-server-20230531",
              "name_regex": null,
              "owner_id": "099720109477",
              "owners": [
                "099720109477"
              ],
              "platform": "",
              "platform_details": "Linux/UNIX",
              "product_codes": [],
              "public": true,
              "ramdisk_id": "",
              "root_device_name": "/dev/sda1",
              "root_device_type": "ebs",
              "root_snapshot_id": "snap-0a03cace5a5d32a40",
              "sriov_net_support": "simple",
              "state": "available",
              "state_reason": {
                "code": "UNSET",
                "message": "UNSET"
              },
              "tags": {},
              "timeouts": null,
              "tpm_support": "",
              "usage_operation": "RunInstances",
              "virtualization_type": "hvm"
            },
            "sensitive_values": {
              "block_device_mappings": [
                {
                  "ebs": {}
                },
                {
                  "ebs": {}
                },
                {
                  "ebs": {}
                }
              ],
              "filter": [
                {
                  "values": [
                    false
                  ]
                },
                {
                  "values": [
                    false
                  ]
                }
              ],
              "owners": [
                false
              ],
              "product_codes": [],
              "state_reason": {},
              "tags": {}
            }
          },
          {
            "address": "aws_instance.main[0]",
            "mode": "managed",
            "type": "aws_instance",
            "name": "main",
            "index": 0,
            "provider_name": "registry.terraform.io/hashicorp/aws",
            "schema_version": 1,
            "values": {
              "ami": "ami-055744c75048d8296",
              "arn": "arn:aws:ec2:us-east-1:637423574315:instance/i-0b6220b6bd359c9c6",
              "associate_public_ip_address": true,
              "availability_zone": "us-east-1c",
              "capacity_reservation_specification": [
                {
                  "capacity_reservation_preference": "open",
                  "capacity_reservation_target": []
                }
              ],
              "cpu_core_count": 1,
              "cpu_options": [
                {
                  "amd_sev_snp": "",
                  "core_count": 1,
                  "threads_per_core": 1
                }
              ],
              "cpu_threads_per_core": 1,
              "credit_specification": [
                {
                  "cpu_credits": "standard"
                }
              ],
              "disable_api_stop": false,
              "disable_api_termination": false,
              "ebs_block_device": [],
              "ebs_optimized": false,
              "enclave_options": [
                {
                  "enabled": false
                }
              ],
              "ephemeral_block_device": [],
              "get_password_data": false,
              "hibernation": false,
              "host_id": "",
              "host_resource_group_arn": null,
              "iam_instance_profile": "",
              "id": "i-0b6220b6bd359c9c6",
              "instance_initiated_shutdown_behavior": "stop",
              "instance_lifecycle": "",
              "instance_market_options": [],
              "instance_state": "running",
              "instance_type": "t2.micro",
              "ipv6_address_count": 0,
              "ipv6_addresses": [],
              "key_name": "",
              "launch_template": [],
              "maintenance_options": [
                {
                  "auto_recovery": "default"
                }
              ],
              "metadata_options": [
                {
                  "http_endpoint": "enabled",
                  "http_put_response_hop_limit": 1,
                  "http_tokens": "optional",
                  "instance_metadata_tags": "disabled"
                }
              ],
              "monitoring": false,
              "network_interface": [],
              "outpost_arn": "",
              "password_data": "",
              "placement_group": "",
              "placement_partition_number": 0,
              "primary_network_interface_id": "eni-02ac34eaea786eb31",
              "private_dns": "ip-172-31-18-85.ec2.internal",
              "private_dns_name_options": [
                {
                  "enable_resource_name_dns_a_record": false,
                  "enable_resource_name_dns_aaaa_record": false,
                  "hostname_type": "ip-name"
                }
              ],
              "private_ip": "172.31.18.85",
              "public_dns": "ec2-54-242-175-34.compute-1.amazonaws.com",
              "public_ip": "54.242.175.34",
              "root_block_device": [
                {
                  "delete_on_termination": true,
                  "device_name": "/dev/sda1",
                  "encrypted": false,
                  "iops": 100,
                  "kms_key_id": "",
                  "tags": {},
                  "throughput": 0,
                  "volume_id": "vol-0878760eac6ff293d",
                  "volume_size": 8,
                  "volume_type": "gp2"
                }
              ],
              "secondary_private_ips": [],
              "security_groups": [
                "default"
              ],
              "source_dest_check": true,
              "spot_instance_request_id": "",
              "subnet_id": "subnet-018712951be4fa610",
              "tags": {
                "Name": "game-gecko-0",
                "Owner": "terraform-apply-tutorial"
              },
              "tags_all": {
                "Name": "game-gecko-0",
                "Owner": "terraform-apply-tutorial"
              },
              "tenancy": "default",
              "timeouts": null,
              "user_data": null,
              "user_data_base64": null,
              "user_data_replace_on_change": false,
              "volume_tags": null,
              "vpc_security_group_ids": [
                "sg-00d62db497d6c696b"
              ]
            },
            "sensitive_values": {
              "capacity_reservation_specification": [
                {
                  "capacity_reservation_target": []
                }
              ],
              "cpu_options": [
                {}
              ],
              "credit_specification": [
                {}
              ],
              "ebs_block_device": [],
              "enclave_options": [
                {}
              ],
              "ephemeral_block_device": [],
              "instance_market_options": [],
              "ipv6_addresses": [],
              "launch_template": [],
              "maintenance_options": [
                {}
              ],
              "metadata_options": [
                {}
              ],
              "network_interface": [],
              "private_dns_name_options": [
                {}
              ],
              "root_block_device": [
                {
                  "tags": {}
                }
              ],
              "secondary_private_ips": [],
              "security_groups": [
                false
              ],
              "tags": {},
              "tags_all": {},
              "vpc_security_group_ids": [
                false
              ]
            },
            "depends_on": [
              "data.aws_ami.ubuntu",
              "random_pet.instance"
            ]
          },
          {
            "address": "aws_instance.main[1]",
            "mode": "managed",
            "type": "aws_instance",
            "name": "main",
            "index": 1,
            "provider_name": "registry.terraform.io/hashicorp/aws",
            "schema_version": 1,
            "values": {
              "ami": "ami-055744c75048d8296",
              "arn": "arn:aws:ec2:us-east-1:637423574315:instance/i-079ef2442254807dc",
              "associate_public_ip_address": true,
              "availability_zone": "us-east-1c",
              "capacity_reservation_specification": [
                {
                  "capacity_reservation_preference": "open",
                  "capacity_reservation_target": []
                }
              ],
              "cpu_core_count": 1,
              "cpu_options": [
                {
                  "amd_sev_snp": "",
                  "core_count": 1,
                  "threads_per_core": 1
                }
              ],
              "cpu_threads_per_core": 1,
              "credit_specification": [
                {
                  "cpu_credits": "standard"
                }
              ],
              "disable_api_stop": false,
              "disable_api_termination": false,
              "ebs_block_device": [],
              "ebs_optimized": false,
              "enclave_options": [
                {
                  "enabled": false
                }
              ],
              "ephemeral_block_device": [],
              "get_password_data": false,
              "hibernation": false,
              "host_id": "",
              "host_resource_group_arn": null,
              "iam_instance_profile": "",
              "id": "i-079ef2442254807dc",
              "instance_initiated_shutdown_behavior": "stop",
              "instance_lifecycle": "",
              "instance_market_options": [],
              "instance_state": "running",
              "instance_type": "t2.micro",
              "ipv6_address_count": 0,
              "ipv6_addresses": [],
              "key_name": "",
              "launch_template": [],
              "maintenance_options": [
                {
                  "auto_recovery": "default"
                }
              ],
              "metadata_options": [
                {
                  "http_endpoint": "enabled",
                  "http_put_response_hop_limit": 1,
                  "http_tokens": "optional",
                  "instance_metadata_tags": "disabled"
                }
              ],
              "monitoring": false,
              "network_interface": [],
              "outpost_arn": "",
              "password_data": "",
              "placement_group": "",
              "placement_partition_number": 0,
              "primary_network_interface_id": "eni-019d2d38b11bfe8af",
              "private_dns": "ip-172-31-29-214.ec2.internal",
              "private_dns_name_options": [
                {
                  "enable_resource_name_dns_a_record": false,
                  "enable_resource_name_dns_aaaa_record": false,
                  "hostname_type": "ip-name"
                }
              ],
              "private_ip": "172.31.29.214",
              "public_dns": "ec2-50-19-184-132.compute-1.amazonaws.com",
              "public_ip": "50.19.184.132",
              "root_block_device": [
                {
                  "delete_on_termination": true,
                  "device_name": "/dev/sda1",
                  "encrypted": false,
                  "iops": 100,
                  "kms_key_id": "",
                  "tags": {},
                  "throughput": 0,
                  "volume_id": "vol-05e9918d2c75ce4d8",
                  "volume_size": 8,
                  "volume_type": "gp2"
                }
              ],
              "secondary_private_ips": [],
              "security_groups": [
                "default"
              ],
              "source_dest_check": true,
              "spot_instance_request_id": "",
              "subnet_id": "subnet-018712951be4fa610",
              "tags": {
                "Name": "game-gecko-1",
                "Owner": "terraform-apply-tutorial"
              },
              "tags_all": {
                "Name": "game-gecko-1",
                "Owner": "terraform-apply-tutorial"
              },
              "tenancy": "default",
              "timeouts": null,
              "user_data": null,
              "user_data_base64": null,
              "user_data_replace_on_change": false,
              "volume_tags": null,
              "vpc_security_group_ids": [
                "sg-00d62db497d6c696b"
              ]
            },
            "sensitive_values": {
              "capacity_reservation_specification": [
                {
                  "capacity_reservation_target": []
                }
              ],
              "cpu_options": [
                {}
              ],
              "credit_specification": [
                {}
              ],
              "ebs_block_device": [],
              "enclave_options": [
                {}
              ],
              "ephemeral_block_device": [],
              "instance_market_options": [],
              "ipv6_addresses": [],
              "launch_template": [],
              "maintenance_options": [
                {}
              ],
              "metadata_options": [
                {}
              ],
              "network_interface": [],
              "private_dns_name_options": [
                {}
              ],
              "root_block_device": [
                {
                  "tags": {}
                }
              ],
              "secondary_private_ips": [],
              "security_groups": [
                false
              ],
              "tags": {},
              "tags_all": {},
              "vpc_security_group_ids": [
                false
              ]
            },
            "depends_on": [
              "data.aws_ami.ubuntu",
              "random_pet.instance"
            ]
          },
          {
            "address": "aws_instance.main[2]",
            "mode": "managed",
            "type": "aws_instance",
            "name": "main",
            "index": 2,
            "provider_name": "registry.terraform.io/hashicorp/aws",
            "schema_version": 1,
            "values": {
              "ami": "ami-055744c75048d8296",
              "arn": "arn:aws:ec2:us-east-1:637423574315:instance/i-0abbe549825786639",
              "associate_public_ip_address": true,
              "availability_zone": "us-east-1c",
              "capacity_reservation_specification": [
                {
                  "capacity_reservation_preference": "open",
                  "capacity_reservation_target": []
                }
              ],
              "cpu_core_count": 1,
              "cpu_options": [
                {
                  "amd_sev_snp": "",
                  "core_count": 1,
                  "threads_per_core": 1
                }
              ],
              "cpu_threads_per_core": 1,
              "credit_specification": [
                {
                  "cpu_credits": "standard"
                }
              ],
              "disable_api_stop": false,
              "disable_api_termination": false,
              "ebs_block_device": [],
              "ebs_optimized": false,
              "enclave_options": [
                {
                  "enabled": false
                }
              ],
              "ephemeral_block_device": [],
              "get_password_data": false,
              "hibernation": false,
              "host_id": "",
              "host_resource_group_arn": null,
              "iam_instance_profile": "",
              "id": "i-0abbe549825786639",
              "instance_initiated_shutdown_behavior": "stop",
              "instance_lifecycle": "",
              "instance_market_options": [],
              "instance_state": "running",
              "instance_type": "t2.micro",
              "ipv6_address_count": 0,
              "ipv6_addresses": [],
              "key_name": "",
              "launch_template": [],
              "maintenance_options": [
                {
                  "auto_recovery": "default"
                }
              ],
              "metadata_options": [
                {
                  "http_endpoint": "enabled",
                  "http_put_response_hop_limit": 1,
                  "http_tokens": "optional",
                  "instance_metadata_tags": "disabled"
                }
              ],
              "monitoring": false,
              "network_interface": [],
              "outpost_arn": "",
              "password_data": "",
              "placement_group": "",
              "placement_partition_number": 0,
              "primary_network_interface_id": "eni-0278b58d7730a02d4",
              "private_dns": "ip-172-31-30-48.ec2.internal",
              "private_dns_name_options": [
                {
                  "enable_resource_name_dns_a_record": false,
                  "enable_resource_name_dns_aaaa_record": false,
                  "hostname_type": "ip-name"
                }
              ],
              "private_ip": "172.31.30.48",
              "public_dns": "ec2-3-80-39-247.compute-1.amazonaws.com",
              "public_ip": "3.80.39.247",
              "root_block_device": [
                {
                  "delete_on_termination": true,
                  "device_name": "/dev/sda1",
                  "encrypted": false,
                  "iops": 100,
                  "kms_key_id": "",
                  "tags": {},
                  "throughput": 0,
                  "volume_id": "vol-0beaf8e5e636756b9",
                  "volume_size": 8,
                  "volume_type": "gp2"
                }
              ],
              "secondary_private_ips": [],
              "security_groups": [
                "default"
              ],
              "source_dest_check": true,
              "spot_instance_request_id": "",
              "subnet_id": "subnet-018712951be4fa610",
              "tags": {
                "Name": "game-gecko-2",
                "Owner": "terraform-apply-tutorial"
              },
              "tags_all": {
                "Name": "game-gecko-2",
                "Owner": "terraform-apply-tutorial"
              },
              "tenancy": "default",
              "timeouts": null,
              "user_data": null,
              "user_data_base64": null,
              "user_data_replace_on_change": false,
              "volume_tags": null,
              "vpc_security_group_ids": [
                "sg-00d62db497d6c696b"
              ]
            },
            "sensitive_values": {
              "capacity_reservation_specification": [
                {
                  "capacity_reservation_target": []
                }
              ],
              "cpu_options": [
                {}
              ],
              "credit_specification": [
                {}
              ],
              "ebs_block_device": [],
              "enclave_options": [
                {}
              ],
              "ephemeral_block_device": [],
              "instance_market_options": [],
              "ipv6_addresses": [],
              "launch_template": [],
              "maintenance_options": [
                {}
              ],
              "metadata_options": [
                {}
              ],
              "network_interface": [],
              "private_dns_name_options": [
                {}
              ],
              "root_block_device": [
                {
                  "tags": {}
                }
              ],
              "secondary_private_ips": [],
              "security_groups": [
                false
              ],
              "tags": {},
              "tags_all": {},
              "vpc_security_group_ids": [
                false
              ]
            },
            "depends_on": [
              "data.aws_ami.ubuntu",
              "random_pet.instance"
            ]
          },
          {
            "address": "aws_s3_bucket.example",
            "mode": "managed",
            "type": "aws_s3_bucket",
            "name": "example",
            "provider_name": "registry.terraform.io/hashicorp/aws",
            "schema_version": 0,
            "values": {
              "acceleration_status": "",
              "acl": null,
              "arn": "arn:aws:s3:::terraform-20240716141403157800000001",
              "bucket": "terraform-20240716141403157800000001",
              "bucket_domain_name": "terraform-20240716141403157800000001.s3.amazonaws.com",
              "bucket_prefix": "terraform-",
              "bucket_regional_domain_name": "terraform-20240716141403157800000001.s3.us-east-1.amazonaws.com",
              "cors_rule": [],
              "force_destroy": false,
              "grant": [
                {
                  "id": "d9450f1eec5292a76f9da82c2c50189761dd41e3ed5531d93fbcb114d2841fc3",
                  "permissions": [
                    "FULL_CONTROL"
                  ],
                  "type": "CanonicalUser",
                  "uri": ""
                }
              ],
              "hosted_zone_id": "Z3AQBSTGFYJSTF",
              "id": "terraform-20240716141403157800000001",
              "lifecycle_rule": [],
              "logging": [],
              "object_lock_configuration": [],
              "object_lock_enabled": false,
              "policy": "",
              "region": "us-east-1",
              "replication_configuration": [],
              "request_payer": "BucketOwner",
              "server_side_encryption_configuration": [
                {
                  "rule": [
                    {
                      "apply_server_side_encryption_by_default": [
                        {
                          "kms_master_key_id": "",
                          "sse_algorithm": "AES256"
                        }
                      ],
                      "bucket_key_enabled": false
                    }
                  ]
                }
              ],
              "tags": {
                "Name": "Example Bucket",
                "Owner": "terraform-apply-tutorial"
              },
              "tags_all": {
                "Name": "Example Bucket",
                "Owner": "terraform-apply-tutorial"
              },
              "timeouts": null,
              "versioning": [
                {
                  "enabled": false,
                  "mfa_delete": false
                }
              ],
              "website": [],
              "website_domain": null,
              "website_endpoint": null
            },
            "sensitive_values": {
              "cors_rule": [],
              "grant": [
                {
                  "permissions": [
                    false
                  ]
                }
              ],
              "lifecycle_rule": [],
              "logging": [],
              "object_lock_configuration": [],
              "replication_configuration": [],
              "server_side_encryption_configuration": [
                {
                  "rule": [
                    {
                      "apply_server_side_encryption_by_default": [
                        {}
                      ]
                    }
                  ]
                }
              ],
              "tags": {},
              "tags_all": {},
              "versioning": [
                {}
              ],
              "website": []
            }
          },
          {
            "address": "random_pet.instance",
            "mode": "managed",
            "type": "random_pet",
            "name": "instance",
            "provider_name": "registry.terraform.io/hashicorp/random",
            "schema_version": 0,
            "values": {
              "id": "game-gecko",
              "keepers": null,
              "length": 2,
              "prefix": null,
              "separator": "-"
            },
            "sensitive_values": {}
          }
        ]
      }
    }
  },
  "configuration": {
    "provider_config": {
      "aws": {
        "name": "aws",
        "full_name": "registry.terraform.io/hashicorp/aws",
        "version_constraint": "5.7.0",
        "expressions": {
          "region": {
            "references": [
              "var.region"
            ]
          }
        }
      },
      "random": {
        "name": "random",
        "full_name": "registry.terraform.io/hashicorp/random",
        "version_constraint": "3.5.1"
      },
      "time": {
        "name": "time",
        "full_name": "registry.terraform.io/hashicorp/time",
        "version_constraint": "0.9.1"
      }
    },
    "root_module": {
      "outputs": {
        "bucket_name": {
          "expression": {
            "references": [
              "aws_s3_bucket.example.bucket",
              "aws_s3_bucket.example"
            ]
          },
          "description": "Name of S3 bucket"
        }
      },
      "resources": [
        {
          "address": "aws_instance.main",
          "mode": "managed",
          "type": "aws_instance",
          "name": "main",
          "provider_config_key": "aws",
          "expressions": {
            "ami": {
              "references": [
                "data.aws_ami.ubuntu.id",
                "data.aws_ami.ubuntu"
              ]
            },
            "instance_type": {
              "constant_value": "t2.micro"
            },
            "tags": {
              "references": [
                "random_pet.instance.id",
                "random_pet.instance",
                "count.index",
                "var.project_name"
              ]
            }
          },
          "schema_version": 1,
          "count_expression": {
            "constant_value": 3
          }
        },
        {
          "address": "aws_s3_bucket.example",
          "mode": "managed",
          "type": "aws_s3_bucket",
          "name": "example",
          "provider_config_key": "aws",
          "expressions": {
            "tags": {
              "references": [
                "var.project_name"
              ]
            }
          },
          "schema_version": 0
        },
        {
          "address": "aws_s3_object.example",
          "mode": "managed",
          "type": "aws_s3_object",
          "name": "example",
          "provider_config_key": "aws",
          "expressions": {
            "bucket": {
              "references": [
                "aws_s3_bucket.example.bucket",
                "aws_s3_bucket.example"
              ]
            },
            "etag": {},
            "key": {
              "constant_value": "README.md"
            },
            "source": {
              "constant_value": "./README.md"
            }
          },
          "schema_version": 0
        },
        {
          "address": "random_pet.instance",
          "mode": "managed",
          "type": "random_pet",
          "name": "instance",
          "provider_config_key": "random",
          "expressions": {
            "length": {
              "constant_value": 2
            }
          },
          "schema_version": 0
        },
        {
          "address": "data.aws_ami.ubuntu",
          "mode": "data",
          "type": "aws_ami",
          "name": "ubuntu",
          "provider_config_key": "aws",
          "expressions": {
            "filter": [
              {
                "name": {
                  "constant_value": "name"
                },
                "values": {
                  "constant_value": [
                    "ubuntu/images/hvm-ssd/ubuntu-bionic-18.04-amd64-server-*"
                  ]
                }
              },
              {
                "name": {
                  "constant_value": "virtualization-type"
                },
                "values": {
                  "constant_value": [
                    "hvm"
                  ]
                }
              }
            ],
            "most_recent": {
              "constant_value": true
            },
            "owners": {
              "constant_value": [
                "099720109477"
              ]
            }
          },
          "schema_version": 0
        }
      ],
      "variables": {
        "project_name": {
          "default": "terraform-apply",
          "description": "Name of the example project."
        },
        "region": {
          "default": "us-east-1",
          "description": "AWS region for all resources."
        }
      }
    }
  },
  "relevant_attributes": [
    {
      "resource": "aws_s3_bucket.example",
      "attribute": [
        "bucket"
      ]
    }
  ],
  "timestamp": "2024-07-16T14:17:47Z",
  "applyable": true,
  "complete": true,
  "errored": false
}
